PODS:
  - Alamofire (5.4.3)
  - Kingfisher (7.2.0)

DEPENDENCIES:
  - Alamofire
  - Kingfisher

SPEC REPOS:
  trunk:
    - Alamofire
    - Kingfisher

SPEC CHECKSUMS:
  Alamofire: e447a2774a40c996748296fa2c55112fdbbc42f9
  Kingfisher: 3ac0b75b155cabc0e544877d1a4deea29feece92

PODFILE CHECKSUM: f4f0bfcff4033c7687492fdeffc6b8e01b6493a6

COCOAPODS: 1.11.2
