// !$*UTF8*$!
{
	archiveVersion = 1;
	classes = {
	};
	objectVersion = 55;
	objects = {

/* Begin PBXBuildFile section */
		3F6809AF27C75784007687F3 /* NetworkImageApp.swift in Sources */ = {isa = PBXBuildFile; fileRef = 3F6809AE27C75784007687F3 /* NetworkImageApp.swift */; };
		3F6809B127C75784007687F3 /* ContentView.swift in Sources */ = {isa = PBXBuildFile; fileRef = 3F6809B027C75784007687F3 /* ContentView.swift */; };
		3F6809B327C75785007687F3 /* Assets.xcassets in Resources */ = {isa = PBXBuildFile; fileRef = 3F6809B227C75785007687F3 /* Assets.xcassets */; };
		3F6809B627C75785007687F3 /* Preview Assets.xcassets in Resources */ = {isa = PBXBuildFile; fileRef = 3F6809B527C75785007687F3 /* Preview Assets.xcassets */; };
		3F6809C027C75785007687F3 /* NetworkImageTests.swift in Sources */ = {isa = PBXBuildFile; fileRef = 3F6809BF27C75785007687F3 /* NetworkImageTests.swift */; };
		3F6809CA27C75786007687F3 /* NetworkImageUITests.swift in Sources */ = {isa = PBXBuildFile; fileRef = 3F6809C927C75786007687F3 /* NetworkImageUITests.swift */; };
		3F6809CC27C75786007687F3 /* NetworkImageUITestsLaunchTests.swift in Sources */ = {isa = PBXBuildFile; fileRef = 3F6809CB27C75786007687F3 /* NetworkImageUITestsLaunchTests.swift */; };
		3F6809D927C76457007687F3 /* WebService.swift in Sources */ = {isa = PBXBuildFile; fileRef = 3F6809D827C76457007687F3 /* WebService.swift */; };
/* End PBXBuildFile section */

/* Begin PBXContainerItemProxy section */
		3F6809BC27C75785007687F3 /* PBXContainerItemProxy */ = {
			isa = PBXContainerItemProxy;
			containerPortal = 3F6809A327C75784007687F3 /* Project object */;
			proxyType = 1;
			remoteGlobalIDString = 3F6809AA27C75784007687F3;
			remoteInfo = NetworkImage;
		};
		3F6809C627C75786007687F3 /* PBXContainerItemProxy */ = {
			isa = PBXContainerItemProxy;
			containerPortal = 3F6809A327C75784007687F3 /* Project object */;
			proxyType = 1;
			remoteGlobalIDString = 3F6809AA27C75784007687F3;
			remoteInfo = NetworkImage;
		};
/* End PBXContainerItemProxy section */

/* Begin PBXFileReference section */
		3F6809AB27C75784007687F3 /* NetworkImage.app */ = {isa = PBXFileReference; explicitFileType = wrapper.application; includeInIndex = 0; path = NetworkImage.app; sourceTree = BUILT_PRODUCTS_DIR; };
		3F6809AE27C75784007687F3 /* NetworkImageApp.swift */ = {isa = PBXFileReference; lastKnownFileType = sourcecode.swift; path = NetworkImageApp.swift; sourceTree = "<group>"; };
		3F6809B027C75784007687F3 /* ContentView.swift */ = {isa = PBXFileReference; lastKnownFileType = sourcecode.swift; path = ContentView.swift; sourceTree = "<group>"; };
		3F6809B227C75785007687F3 /* Assets.xcassets */ = {isa = PBXFileReference; lastKnownFileType = folder.assetcatalog; path = Assets.xcassets; sourceTree = "<group>"; };
		3F6809B527C75785007687F3 /* Preview Assets.xcassets */ = {isa = PBXFileReference; lastKnownFileType = folder.assetcatalog; path = "Preview Assets.xcassets"; sourceTree = "<group>"; };
		3F6809BB27C75785007687F3 /* NetworkImageTests.xctest */ = {isa = PBXFileReference; explicitFileType = wrapper.cfbundle; includeInIndex = 0; path = NetworkImageTests.xctest; sourceTree = BUILT_PRODUCTS_DIR; };
		3F6809BF27C75785007687F3 /* NetworkImageTests.swift */ = {isa = PBXFileReference; lastKnownFileType = sourcecode.swift; path = NetworkImageTests.swift; sourceTree = "<group>"; };
		3F6809C527C75786007687F3 /* NetworkImageUITests.xctest */ = {isa = PBXFileReference; explicitFileType = wrapper.cfbundle; includeInIndex = 0; path = NetworkImageUITests.xctest; sourceTree = BUILT_PRODUCTS_DIR; };
		3F6809C927C75786007687F3 /* NetworkImageUITests.swift */ = {isa = PBXFileReference; lastKnownFileType = sourcecode.swift; path = NetworkImageUITests.swift; sourceTree = "<group>"; };
		3F6809CB27C75786007687F3 /* NetworkImageUITestsLaunchTests.swift */ = {isa = PBXFileReference; lastKnownFileType = sourcecode.swift; path = NetworkImageUITestsLaunchTests.swift; sourceTree = "<group>"; };
		3F6809D827C76457007687F3 /* WebService.swift */ = {isa = PBXFileReference; lastKnownFileType = sourcecode.swift; path = WebService.swift; sourceTree = "<group>"; };
/* End PBXFileReference section */

/* Begin PBXFrameworksBuildPhase section */
		3F6809A827C75784007687F3 /* Frameworks */ = {
			isa = PBXFrameworksBuildPhase;
			buildActionMask = 2147483647;
			files = (
			);
			runOnlyForDeploymentPostprocessing = 0;
		};
		3F6809B827C75785007687F3 /* Frameworks */ = {
			isa = PBXFrameworksBuildPhase;
			buildActionMask = 2147483647;
			files = (
			);
			runOnlyForDeploymentPostprocessing = 0;
		};
		3F6809C227C75786007687F3 /* Frameworks */ = {
			isa = PBXFrameworksBuildPhase;
			buildActionMask = 2147483647;
			files = (
			);
			runOnlyForDeploymentPostprocessing = 0;
		};
/* End PBXFrameworksBuildPhase section */

/* Begin PBXGroup section */
		3F6809A227C75784007687F3 = {
			isa = PBXGroup;
			children = (
				3F6809AD27C75784007687F3 /* NetworkImage */,
				3F6809BE27C75785007687F3 /* NetworkImageTests */,
				3F6809C827C75786007687F3 /* NetworkImageUITests */,
				3F6809AC27C75784007687F3 /* Products */,
			);
			sourceTree = "<group>";
		};
		3F6809AC27C75784007687F3 /* Products */ = {
			isa = PBXGroup;
			children = (
				3F6809AB27C75784007687F3 /* NetworkImage.app */,
				3F6809BB27C75785007687F3 /* NetworkImageTests.xctest */,
				3F6809C527C75786007687F3 /* NetworkImageUITests.xctest */,
			);
			name = Products;
			sourceTree = "<group>";
		};
		3F6809AD27C75784007687F3 /* NetworkImage */ = {
			isa = PBXGroup;
			children = (
				3F6809AE27C75784007687F3 /* NetworkImageApp.swift */,
				3F6809B027C75784007687F3 /* ContentView.swift */,
				3F6809D827C76457007687F3 /* WebService.swift */,
				3F6809B227C75785007687F3 /* Assets.xcassets */,
				3F6809B427C75785007687F3 /* Preview Content */,
			);
			path = NetworkImage;
			sourceTree = "<group>";
		};
		3F6809B427C75785007687F3 /* Preview Content */ = {
			isa = PBXGroup;
			children = (
				3F6809B527C75785007687F3 /* Preview Assets.xcassets */,
			);
			path = "Preview Content";
			sourceTree = "<group>";
		};
		3F6809BE27C75785007687F3 /* NetworkImageTests */ = {
			isa = PBXGroup;
			children = (
				3F6809BF27C75785007687F3 /* NetworkImageTests.swift */,
			);
			path = NetworkImageTests;
			sourceTree = "<group>";
		};
		3F6809C827C75786007687F3 /* NetworkImageUITests */ = {
			isa = PBXGroup;
			children = (
				3F6809C927C75786007687F3 /* NetworkImageUITests.swift */,
				3F6809CB27C75786007687F3 /* NetworkImageUITestsLaunchTests.swift */,
			);
			path = NetworkImageUITests;
			sourceTree = "<group>";
		};
/* End PBXGroup section */

/* Begin PBXNativeTarget section */
		3F6809AA27C75784007687F3 /* NetworkImage */ = {
			isa = PBXNativeTarget;
			buildConfigurationList = 3F6809CF27C75786007687F3 /* Build configuration list for PBXNativeTarget "NetworkImage" */;
			buildPhases = (
				3F6809A727C75784007687F3 /* Sources */,
				3F6809A827C75784007687F3 /* Frameworks */,
				3F6809A927C75784007687F3 /* Resources */,
			);
			buildRules = (
			);
			dependencies = (
			);
			name = NetworkImage;
			productName = NetworkImage;
			productReference = 3F6809AB27C75784007687F3 /* NetworkImage.app */;
			productType = "com.apple.product-type.application";
		};
		3F6809BA27C75785007687F3 /* NetworkImageTests */ = {
			isa = PBXNativeTarget;
			buildConfigurationList = 3F6809D227C75786007687F3 /* Build configuration list for PBXNativeTarget "NetworkImageTests" */;
			buildPhases = (
				3F6809B727C75785007687F3 /* Sources */,
				3F6809B827C75785007687F3 /* Frameworks */,
				3F6809B927C75785007687F3 /* Resources */,
			);
			buildRules = (
			);
			dependencies = (
				3F6809BD27C75785007687F3 /* PBXTargetDependency */,
			);
			name = NetworkImageTests;
			productName = NetworkImageTests;
			productReference = 3F6809BB27C75785007687F3 /* NetworkImageTests.xctest */;
			productType = "com.apple.product-type.bundle.unit-test";
		};
		3F6809C427C75786007687F3 /* NetworkImageUITests */ = {
			isa = PBXNativeTarget;
			buildConfigurationList = 3F6809D527C75786007687F3 /* Build configuration list for PBXNativeTarget "NetworkImageUITests" */;
			buildPhases = (
				3F6809C127C75786007687F3 /* Sources */,
				3F6809C227C75786007687F3 /* Frameworks */,
				3F6809C327C75786007687F3 /* Resources */,
			);
			buildRules = (
			);
			dependencies = (
				3F6809C727C75786007687F3 /* PBXTargetDependency */,
			);
			name = NetworkImageUITests;
			productName = NetworkImageUITests;
			productReference = 3F6809C527C75786007687F3 /* NetworkImageUITests.xctest */;
			productType = "com.apple.product-type.bundle.ui-testing";
		};
/* End PBXNativeTarget section */

/* Begin PBXProject section */
		3F6809A327C75784007687F3 /* Project object */ = {
			isa = PBXProject;
			attributes = {
				BuildIndependentTargetsInParallel = 1;
				LastSwiftUpdateCheck = 1320;
				LastUpgradeCheck = 1320;
				TargetAttributes = {
					3F6809AA27C75784007687F3 = {
						CreatedOnToolsVersion = 13.2.1;
					};
					3F6809BA27C75785007687F3 = {
						CreatedOnToolsVersion = 13.2.1;
						TestTargetID = 3F6809AA27C75784007687F3;
					};
					3F6809C427C75786007687F3 = {
						CreatedOnToolsVersion = 13.2.1;
						TestTargetID = 3F6809AA27C75784007687F3;
					};
				};
			};
			buildConfigurationList = 3F6809A627C75784007687F3 /* Build configuration list for PBXProject "NetworkImage" */;
			compatibilityVersion = "Xcode 13.0";
			developmentRegion = en;
			hasScannedForEncodings = 0;
			knownRegions = (
				en,
				Base,
			);
			mainGroup = 3F6809A227C75784007687F3;
			productRefGroup = 3F6809AC27C75784007687F3 /* Products */;
			projectDirPath = "";
			projectRoot = "";
			targets = (
				3F6809AA27C75784007687F3 /* NetworkImage */,
				3F6809BA27C75785007687F3 /* NetworkImageTests */,
				3F6809C427C75786007687F3 /* NetworkImageUITests */,
			);
		};
/* End PBXProject section */

/* Begin PBXResourcesBuildPhase section */
		3F6809A927C75784007687F3 /* Resources */ = {
			isa = PBXResourcesBuildPhase;
			buildActionMask = 2147483647;
			files = (
				3F6809B627C75785007687F3 /* Preview Assets.xcassets in Resources */,
				3F6809B327C75785007687F3 /* Assets.xcassets in Resources */,
			);
			runOnlyForDeploymentPostprocessing = 0;
		};
		3F6809B927C75785007687F3 /* Resources */ = {
			isa = PBXResourcesBuildPhase;
			buildActionMask = 2147483647;
			files = (
			);
			runOnlyForDeploymentPostprocessing = 0;
		};
		3F6809C327C75786007687F3 /* Resources */ = {
			isa = PBXResourcesBuildPhase;
			buildActionMask = 2147483647;
			files = (
			);
			runOnlyForDeploymentPostprocessing = 0;
		};
/* End PBXResourcesBuildPhase section */

/* Begin PBXSourcesBuildPhase section */
		3F6809A727C75784007687F3 /* Sources */ = {
			isa = PBXSourcesBuildPhase;
			buildActionMask = 2147483647;
			files = (
				3F6809D927C76457007687F3 /* WebService.swift in Sources */,
				3F6809B127C75784007687F3 /* ContentView.swift in Sources */,
				3F6809AF27C75784007687F3 /* NetworkImageApp.swift in Sources */,
			);
			runOnlyForDeploymentPostprocessing = 0;
		};
		3F6809B727C75785007687F3 /* Sources */ = {
			isa = PBXSourcesBuildPhase;
			buildActionMask = 2147483647;
			files = (
				3F6809C027C75785007687F3 /* NetworkImageTests.swift in Sources */,
			);
			runOnlyForDeploymentPostprocessing = 0;
		};
		3F6809C127C75786007687F3 /* Sources */ = {
			isa = PBXSourcesBuildPhase;
			buildActionMask = 2147483647;
			files = (
				3F6809CA27C75786007687F3 /* NetworkImageUITests.swift in Sources */,
				3F6809CC27C75786007687F3 /* NetworkImageUITestsLaunchTests.swift in Sources */,
			);
			runOnlyForDeploymentPostprocessing = 0;
		};
/* End PBXSourcesBuildPhase section */

/* Begin PBXTargetDependency section */
		3F6809BD27C75785007687F3 /* PBXTargetDependency */ = {
			isa = PBXTargetDependency;
			target = 3F6809AA27C75784007687F3 /* NetworkImage */;
			targetProxy = 3F6809BC27C75785007687F3 /* PBXContainerItemProxy */;
		};
		3F6809C727C75786007687F3 /* PBXTargetDependency */ = {
			isa = PBXTargetDependency;
			target = 3F6809AA27C75784007687F3 /* NetworkImage */;
			targetProxy = 3F6809C627C75786007687F3 /* PBXContainerItemProxy */;
		};
/* End PBXTargetDependency section */

/* Begin XCBuildConfiguration section */
		3F6809CD27C75786007687F3 /* Debug */ = {
			isa = XCBuildConfiguration;
			buildSettings = {
				ALWAYS_SEARCH_USER_PATHS = NO;
				CLANG_ANALYZER_NONNULL = YES;
				CLANG_ANALYZER_NUMBER_OBJECT_CONVERSION = YES_AGGRESSIVE;
				CLANG_CXX_LANGUAGE_STANDARD = "gnu++17";
				CLANG_CXX_LIBRARY = "libc++";
				CLANG_ENABLE_MODULES = YES;
				CLANG_ENABLE_OBJC_ARC = YES;
				CLANG_ENABLE_OBJC_WEAK = YES;
				CLANG_WARN_BLOCK_CAPTURE_AUTORELEASING = YES;
				CLANG_WARN_BOOL_CONVERSION = YES;
				CLANG_WARN_COMMA = YES;
				CLANG_WARN_CONSTANT_CONVERSION = YES;
				CLANG_WARN_DEPRECATED_OBJC_IMPLEMENTATIONS = YES;
				CLANG_WARN_DIRECT_OBJC_ISA_USAGE = YES_ERROR;
				CLANG_WARN_DOCUMENTATION_COMMENTS = YES;
				CLANG_WARN_EMPTY_BODY = YES;
				CLANG_WARN_ENUM_CONVERSION = YES;
				CLANG_WARN_INFINITE_RECURSION = YES;
				CLANG_WARN_INT_CONVERSION = YES;
				CLANG_WARN_NON_LITERAL_NULL_CONVERSION = YES;
				CLANG_WARN_OBJC_IMPLICIT_RETAIN_SELF = YES;
				CLANG_WARN_OBJC_LITERAL_CONVERSION = YES;
				CLANG_WARN_OBJC_ROOT_CLASS = YES_ERROR;
				CLANG_WARN_QUOTED_INCLUDE_IN_FRAMEWORK_HEADER = YES;
				CLANG_WARN_RANGE_LOOP_ANALYSIS = YES;
				CLANG_WARN_STRICT_PROTOTYPES = YES;
				CLANG_WARN_SUSPICIOUS_MOVE = YES;
				CLANG_WARN_UNGUARDED_AVAILABILITY = YES_AGGRESSIVE;
				CLANG_WARN_UNREACHABLE_CODE = YES;
				CLANG_WARN__DUPLICATE_METHOD_MATCH = YES;
				COPY_PHASE_STRIP = NO;
				DEBUG_INFORMATION_FORMAT = dwarf;
				ENABLE_STRICT_OBJC_MSGSEND = YES;
				ENABLE_TESTABILITY = YES;
				GCC_C_LANGUAGE_STANDARD = gnu11;
				GCC_DYNAMIC_NO_PIC = NO;
				GCC_NO_COMMON_BLOCKS = YES;
				GCC_OPTIMIZATION_LEVEL = 0;
				GCC_PREPROCESSOR_DEFINITIONS = (
					"DEBUG=1",
					"$(inherited)",
				);
				GCC_WARN_64_TO_32_BIT_CONVERSION = YES;
				GCC_WARN_ABOUT_RETURN_TYPE = YES_ERROR;
				GCC_WARN_UNDECLARED_SELECTOR = YES;
				GCC_WARN_UNINITIALIZED_AUTOS = YES_AGGRESSIVE;
				GCC_WARN_UNUSED_FUNCTION = YES;
				GCC_WARN_UNUSED_VARIABLE = YES;
				IPHONEOS_DEPLOYMENT_TARGET = 15.2;
				MTL_ENABLE_DEBUG_INFO = INCLUDE_SOURCE;
				MTL_FAST_MATH = YES;
				ONLY_ACTIVE_ARCH = YES;
				SDKROOT = iphoneos;
				SWIFT_ACTIVE_COMPILATION_CONDITIONS = DEBUG;
				SWIFT_OPTIMIZATION_LEVEL = "-Onone";
			};
			name = Debug;
		};
		3F6809CE27C75786007687F3 /* Release */ = {
			isa = XCBuildConfiguration;
			buildSettings = {
				ALWAYS_SEARCH_USER_PATHS = NO;
				CLANG_ANALYZER_NONNULL = YES;
				CLANG_ANALYZER_NUMBER_OBJECT_CONVERSION = YES_AGGRESSIVE;
				CLANG_CXX_LANGUAGE_STANDARD = "gnu++17";
				CLANG_CXX_LIBRARY = "libc++";
				CLANG_ENABLE_MODULES = YES;
				CLANG_ENABLE_OBJC_ARC = YES;
				CLANG_ENABLE_OBJC_WEAK = YES;
				CLANG_WARN_BLOCK_CAPTURE_AUTORELEASING = YES;
				CLANG_WARN_BOOL_CONVERSION = YES;
				CLANG_WARN_COMMA = YES;
				CLANG_WARN_CONSTANT_CONVERSION = YES;
				CLANG_WARN_DEPRECATED_OBJC_IMPLEMENTATIONS = YES;
				CLANG_WARN_DIRECT_OBJC_ISA_USAGE = YES_ERROR;
				CLANG_WARN_DOCUMENTATION_COMMENTS = YES;
				CLANG_WARN_EMPTY_BODY = YES;
				CLANG_WARN_ENUM_CONVERSION = YES;
				CLANG_WARN_INFINITE_RECURSION = YES;
				CLANG_WARN_INT_CONVERSION = YES;
				CLANG_WARN_NON_LITERAL_NULL_CONVERSION = YES;
				CLANG_WARN_OBJC_IMPLICIT_RETAIN_SELF = YES;
				CLANG_WARN_OBJC_LITERAL_CONVERSION = YES;
				CLANG_WARN_OBJC_ROOT_CLASS = YES_ERROR;
				CLANG_WARN_QUOTED_INCLUDE_IN_FRAMEWORK_HEADER = YES;
				CLANG_WARN_RANGE_LOOP_ANALYSIS = YES;
				CLANG_WARN_STRICT_PROTOTYPES = YES;
				CLANG_WARN_SUSPICIOUS_MOVE = YES;
				CLANG_WARN_UNGUARDED_AVAILABILITY = YES_AGGRESSIVE;
				CLANG_WARN_UNREACHABLE_CODE = YES;
				CLANG_WARN__DUPLICATE_METHOD_MATCH = YES;
				COPY_PHASE_STRIP = NO;
				DEBUG_INFORMATION_FORMAT = "dwarf-with-dsym";
				ENABLE_NS_ASSERTIONS = NO;
				ENABLE_STRICT_OBJC_MSGSEND = YES;
				GCC_C_LANGUAGE_STANDARD = gnu11;
				GCC_NO_COMMON_BLOCKS = YES;
				GCC_WARN_64_TO_32_BIT_CONVERSION = YES;
				GCC_WARN_ABOUT_RETURN_TYPE = YES_ERROR;
				GCC_WARN_UNDECLARED_SELECTOR = YES;
				GCC_WARN_UNINITIALIZED_AUTOS = YES_AGGRESSIVE;
				GCC_WARN_UNUSED_FUNCTION = YES;
				GCC_WARN_UNUSED_VARIABLE = YES;
				IPHONEOS_DEPLOYMENT_TARGET = 15.2;
				MTL_ENABLE_DEBUG_INFO = NO;
				MTL_FAST_MATH = YES;
				SDKROOT = iphoneos;
				SWIFT_COMPILATION_MODE = wholemodule;
				SWIFT_OPTIMIZATION_LEVEL = "-O";
				VALIDATE_PRODUCT = YES;
			};
			name = Release;
		};
		3F6809D027C75786007687F3 /* Debug */ = {
			isa = XCBuildConfiguration;
			buildSettings = {
				ASSETCATALOG_COMPILER_APPICON_NAME = AppIcon;
				ASSETCATALOG_COMPILER_GLOBAL_ACCENT_COLOR_NAME = AccentColor;
				CODE_SIGN_STYLE = Automatic;
				CURRENT_PROJECT_VERSION = 1;
				DEVELOPMENT_ASSET_PATHS = "\"NetworkImage/Preview Content\"";
				ENABLE_PREVIEWS = YES;
				GENERATE_INFOPLIST_FILE = YES;
				INFOPLIST_KEY_UIApplicationSceneManifest_Generation = YES;
				INFOPLIST_KEY_UIApplicationSupportsIndirectInputEvents = YES;
				INFOPLIST_KEY_UILaunchScreen_Generation = YES;
				INFOPLIST_KEY_UISupportedInterfaceOrientations_iPad = "UIInterfaceOrientationPortrait UIInterfaceOrientationPortraitUpsideDown UIInterfaceOrientationLandscapeLeft UIInterfaceOrientationLandscapeRight";
				INFOPLIST_KEY_UISupportedInterfaceOrientations_iPhone = "UIInterfaceOrientationPortrait UIInterfaceOrientationLandscapeLeft UIInterfaceOrientationLandscapeRight";
				LD_RUNPATH_SEARCH_PATHS = (
					"$(inherited)",
					"@executable_path/Frameworks",
				);
				MARKETING_VERSION = 1.0;
				PRODUCT_BUNDLE_IDENTIFIER = "---------.NetworkImage";
				PRODUCT_NAME = "$(TARGET_NAME)";
				SWIFT_EMIT_LOC_STRINGS = YES;
				SWIFT_VERSION = 5.0;
				TARGETED_DEVICE_FAMILY = "1,2";
			};
			name = Debug;
		};
		3F6809D127C75786007687F3 /* Release */ = {
			isa = XCBuildConfiguration;
			buildSettings = {
				ASSETCATALOG_COMPILER_APPICON_NAME = AppIcon;
				ASSETCATALOG_COMPILER_GLOBAL_ACCENT_COLOR_NAME = AccentColor;
				CODE_SIGN_STYLE = Automatic;
				CURRENT_PROJECT_VERSION = 1;
				DEVELOPMENT_ASSET_PATHS = "\"NetworkImage/Preview Content\"";
				ENABLE_PREVIEWS = YES;
				GENERATE_INFOPLIST_FILE = YES;
				INFOPLIST_KEY_UIApplicationSceneManifest_Generation = YES;
				INFOPLIST_KEY_UIApplicationSupportsIndirectInputEvents = YES;
				INFOPLIST_KEY_UILaunchScreen_Generation = YES;
				INFOPLIST_KEY_UISupportedInterfaceOrientations_iPad = "UIInterfaceOrientationPortrait UIInterfaceOrientationPortraitUpsideDown UIInterfaceOrientationLandscapeLeft UIInterfaceOrientationLandscapeRight";
				INFOPLIST_KEY_UISupportedInterfaceOrientations_iPhone = "UIInterfaceOrientationPortrait UIInterfaceOrientationLandscapeLeft UIInterfaceOrientationLandscapeRight";
				LD_RUNPATH_SEARCH_PATHS = (
					"$(inherited)",
					"@executable_path/Frameworks",
				);
				MARKETING_VERSION = 1.0;
				PRODUCT_BUNDLE_IDENTIFIER = "---------.NetworkImage";
				PRODUCT_NAME = "$(TARGET_NAME)";
				SWIFT_EMIT_LOC_STRINGS = YES;
				SWIFT_VERSION = 5.0;
				TARGETED_DEVICE_FAMILY = "1,2";
			};
			name = Release;
		};
		3F6809D327C75786007687F3 /* Debug */ = {
			isa = XCBuildConfiguration;
			buildSettings = {
				ALWAYS_EMBED_SWIFT_STANDARD_LIBRARIES = YES;
				BUNDLE_LOADER = "$(TEST_HOST)";
				CODE_SIGN_STYLE = Automatic;
				CURRENT_PROJECT_VERSION = 1;
				GENERATE_INFOPLIST_FILE = YES;
				IPHONEOS_DEPLOYMENT_TARGET = 15.2;
				MARKETING_VERSION = 1.0;
				PRODUCT_BUNDLE_IDENTIFIER = "---------.NetworkImageTests";
				PRODUCT_NAME = "$(TARGET_NAME)";
				SWIFT_EMIT_LOC_STRINGS = NO;
				SWIFT_VERSION = 5.0;
				TARGETED_DEVICE_FAMILY = "1,2";
				TEST_HOST = "$(BUILT_PRODUCTS_DIR)/NetworkImage.app/NetworkImage";
			};
			name = Debug;
		};
		3F6809D427C75786007687F3 /* Release */ = {
			isa = XCBuildConfiguration;
			buildSettings = {
				ALWAYS_EMBED_SWIFT_STANDARD_LIBRARIES = YES;
				BUNDLE_LOADER = "$(TEST_HOST)";
				CODE_SIGN_STYLE = Automatic;
				CURRENT_PROJECT_VERSION = 1;
				GENERATE_INFOPLIST_FILE = YES;
				IPHONEOS_DEPLOYMENT_TARGET = 15.2;
				MARKETING_VERSION = 1.0;
				PRODUCT_BUNDLE_IDENTIFIER = "---------.NetworkImageTests";
				PRODUCT_NAME = "$(TARGET_NAME)";
				SWIFT_EMIT_LOC_STRINGS = NO;
				SWIFT_VERSION = 5.0;
				TARGETED_DEVICE_FAMILY = "1,2";
				TEST_HOST = "$(BUILT_PRODUCTS_DIR)/NetworkImage.app/NetworkImage";
			};
			name = Release;
		};
		3F6809D627C75786007687F3 /* Debug */ = {
			isa = XCBuildConfiguration;
			buildSettings = {
				ALWAYS_EMBED_SWIFT_STANDARD_LIBRARIES = YES;
				CODE_SIGN_STYLE = Automatic;
				CURRENT_PROJECT_VERSION = 1;
				GENERATE_INFOPLIST_FILE = YES;
				MARKETING_VERSION = 1.0;
				PRODUCT_BUNDLE_IDENTIFIER = "---------.NetworkImageUITests";
				PRODUCT_NAME = "$(TARGET_NAME)";
				SWIFT_EMIT_LOC_STRINGS = NO;
				SWIFT_VERSION = 5.0;
				TARGETED_DEVICE_FAMILY = "1,2";
				TEST_TARGET_NAME = NetworkImage;
			};
			name = Debug;
		};
		3F6809D727C75786007687F3 /* Release */ = {
			isa = XCBuildConfiguration;
			buildSettings = {
				ALWAYS_EMBED_SWIFT_STANDARD_LIBRARIES = YES;
				CODE_SIGN_STYLE = Automatic;
				CURRENT_PROJECT_VERSION = 1;
				GENERATE_INFOPLIST_FILE = YES;
				MARKETING_VERSION = 1.0;
				PRODUCT_BUNDLE_IDENTIFIER = "---------.NetworkImageUITests";
				PRODUCT_NAME = "$(TARGET_NAME)";
				SWIFT_EMIT_LOC_STRINGS = NO;
				SWIFT_VERSION = 5.0;
				TARGETED_DEVICE_FAMILY = "1,2";
				TEST_TARGET_NAME = NetworkImage;
			};
			name = Release;
		};
/* End XCBuildConfiguration section */

/* Begin XCConfigurationList section */
		3F6809A627C75784007687F3 /* Build configuration list for PBXProject "NetworkImage" */ = {
			isa = XCConfigurationList;
			buildConfigurations = (
				3F6809CD27C75786007687F3 /* Debug */,
				3F6809CE27C75786007687F3 /* Release */,
			);
			defaultConfigurationIsVisible = 0;
			defaultConfigurationName = Release;
		};
		3F6809CF27C75786007687F3 /* Build configuration list for PBXNativeTarget "NetworkImage" */ = {
			isa = XCConfigurationList;
			buildConfigurations = (
				3F6809D027C75786007687F3 /* Debug */,
				3F6809D127C75786007687F3 /* Release */,
			);
			defaultConfigurationIsVisible = 0;
			defaultConfigurationName = Release;
		};
		3F6809D227C75786007687F3 /* Build configuration list for PBXNativeTarget "NetworkImageTests" */ = {
			isa = XCConfigurationList;
			buildConfigurations = (
				3F6809D327C75786007687F3 /* Debug */,
				3F6809D427C75786007687F3 /* Release */,
			);
			defaultConfigurationIsVisible = 0;
			defaultConfigurationName = Release;
		};
		3F6809D527C75786007687F3 /* Build configuration list for PBXNativeTarget "NetworkImageUITests" */ = {
			isa = XCConfigurationList;
			buildConfigurations = (
				3F6809D627C75786007687F3 /* Debug */,
				3F6809D727C75786007687F3 /* Release */,
			);
			defaultConfigurationIsVisible = 0;
			defaultConfigurationName = Release;
		};
/* End XCConfigurationList section */
	};
	rootObject = 3F6809A327C75784007687F3 /* Project object */;
}
