// !$*UTF8*$!
{
	archiveVersion = 1;
	classes = {
	};
	objectVersion = 55;
	objects = {

/* Begin PBXBuildFile section */
		3F68C34227BBCA1D002B82F8 /* jsonPracticeApp.swift in Sources */ = {isa = PBXBuildFile; fileRef = 3F68C34127BBCA1D002B82F8 /* jsonPracticeApp.swift */; };
		3F68C34427BBCA1D002B82F8 /* ContentView.swift in Sources */ = {isa = PBXBuildFile; fileRef = 3F68C34327BBCA1D002B82F8 /* ContentView.swift */; };
		3F68C34627BBCA1E002B82F8 /* Assets.xcassets in Resources */ = {isa = PBXBuildFile; fileRef = 3F68C34527BBCA1E002B82F8 /* Assets.xcassets */; };
		3F68C34927BBCA1E002B82F8 /* Preview Assets.xcassets in Resources */ = {isa = PBXBuildFile; fileRef = 3F68C34827BBCA1E002B82F8 /* Preview Assets.xcassets */; };
		3F68C35327BBCA1E002B82F8 /* jsonPracticeTests.swift in Sources */ = {isa = PBXBuildFile; fileRef = 3F68C35227BBCA1E002B82F8 /* jsonPracticeTests.swift */; };
		3F68C35D27BBCA1E002B82F8 /* jsonPracticeUITests.swift in Sources */ = {isa = PBXBuildFile; fileRef = 3F68C35C27BBCA1E002B82F8 /* jsonPracticeUITests.swift */; };
		3F68C35F27BBCA1E002B82F8 /* jsonPracticeUITestsLaunchTests.swift in Sources */ = {isa = PBXBuildFile; fileRef = 3F68C35E27BBCA1E002B82F8 /* jsonPracticeUITestsLaunchTests.swift */; };
		3F68C36C27BBCA8D002B82F8 /* WebAPI.swift in Sources */ = {isa = PBXBuildFile; fileRef = 3F68C36B27BBCA8D002B82F8 /* WebAPI.swift */; };
/* End PBXBuildFile section */

/* Begin PBXContainerItemProxy section */
		3F68C34F27BBCA1E002B82F8 /* PBXContainerItemProxy */ = {
			isa = PBXContainerItemProxy;
			containerPortal = 3F68C33627BBCA1D002B82F8 /* Project object */;
			proxyType = 1;
			remoteGlobalIDString = 3F68C33D27BBCA1D002B82F8;
			remoteInfo = jsonPractice;
		};
		3F68C35927BBCA1E002B82F8 /* PBXContainerItemProxy */ = {
			isa = PBXContainerItemProxy;
			containerPortal = 3F68C33627BBCA1D002B82F8 /* Project object */;
			proxyType = 1;
			remoteGlobalIDString = 3F68C33D27BBCA1D002B82F8;
			remoteInfo = jsonPractice;
		};
/* End PBXContainerItemProxy section */

/* Begin PBXFileReference section */
		3F68C33E27BBCA1D002B82F8 /* jsonPractice.app */ = {isa = PBXFileReference; explicitFileType = wrapper.application; includeInIndex = 0; path = jsonPractice.app; sourceTree = BUILT_PRODUCTS_DIR; };
		3F68C34127BBCA1D002B82F8 /* jsonPracticeApp.swift */ = {isa = PBXFileReference; lastKnownFileType = sourcecode.swift; path = jsonPracticeApp.swift; sourceTree = "<group>"; };
		3F68C34327BBCA1D002B82F8 /* ContentView.swift */ = {isa = PBXFileReference; lastKnownFileType = sourcecode.swift; path = ContentView.swift; sourceTree = "<group>"; };
		3F68C34527BBCA1E002B82F8 /* Assets.xcassets */ = {isa = PBXFileReference; lastKnownFileType = folder.assetcatalog; path = Assets.xcassets; sourceTree = "<group>"; };
		3F68C34827BBCA1E002B82F8 /* Preview Assets.xcassets */ = {isa = PBXFileReference; lastKnownFileType = folder.assetcatalog; path = "Preview Assets.xcassets"; sourceTree = "<group>"; };
		3F68C34E27BBCA1E002B82F8 /* jsonPracticeTests.xctest */ = {isa = PBXFileReference; explicitFileType = wrapper.cfbundle; includeInIndex = 0; path = jsonPracticeTests.xctest; sourceTree = BUILT_PRODUCTS_DIR; };
		3F68C35227BBCA1E002B82F8 /* jsonPracticeTests.swift */ = {isa = PBXFileReference; lastKnownFileType = sourcecode.swift; path = jsonPracticeTests.swift; sourceTree = "<group>"; };
		3F68C35827BBCA1E002B82F8 /* jsonPracticeUITests.xctest */ = {isa = PBXFileReference; explicitFileType = wrapper.cfbundle; includeInIndex = 0; path = jsonPracticeUITests.xctest; sourceTree = BUILT_PRODUCTS_DIR; };
		3F68C35C27BBCA1E002B82F8 /* jsonPracticeUITests.swift */ = {isa = PBXFileReference; lastKnownFileType = sourcecode.swift; path = jsonPracticeUITests.swift; sourceTree = "<group>"; };
		3F68C35E27BBCA1E002B82F8 /* jsonPracticeUITestsLaunchTests.swift */ = {isa = PBXFileReference; lastKnownFileType = sourcecode.swift; path = jsonPracticeUITestsLaunchTests.swift; sourceTree = "<group>"; };
		3F68C36B27BBCA8D002B82F8 /* WebAPI.swift */ = {isa = PBXFileReference; lastKnownFileType = sourcecode.swift; path = WebAPI.swift; sourceTree = "<group>"; };
/* End PBXFileReference section */

/* Begin PBXFrameworksBuildPhase section */
		3F68C33B27BBCA1D002B82F8 /* Frameworks */ = {
			isa = PBXFrameworksBuildPhase;
			buildActionMask = 2147483647;
			files = (
			);
			runOnlyForDeploymentPostprocessing = 0;
		};
		3F68C34B27BBCA1E002B82F8 /* Frameworks */ = {
			isa = PBXFrameworksBuildPhase;
			buildActionMask = 2147483647;
			files = (
			);
			runOnlyForDeploymentPostprocessing = 0;
		};
		3F68C35527BBCA1E002B82F8 /* Frameworks */ = {
			isa = PBXFrameworksBuildPhase;
			buildActionMask = 2147483647;
			files = (
			);
			runOnlyForDeploymentPostprocessing = 0;
		};
/* End PBXFrameworksBuildPhase section */

/* Begin PBXGroup section */
		3F68C33527BBCA1D002B82F8 = {
			isa = PBXGroup;
			children = (
				3F68C34027BBCA1D002B82F8 /* jsonPractice */,
				3F68C35127BBCA1E002B82F8 /* jsonPracticeTests */,
				3F68C35B27BBCA1E002B82F8 /* jsonPracticeUITests */,
				3F68C33F27BBCA1D002B82F8 /* Products */,
			);
			sourceTree = "<group>";
		};
		3F68C33F27BBCA1D002B82F8 /* Products */ = {
			isa = PBXGroup;
			children = (
				3F68C33E27BBCA1D002B82F8 /* jsonPractice.app */,
				3F68C34E27BBCA1E002B82F8 /* jsonPracticeTests.xctest */,
				3F68C35827BBCA1E002B82F8 /* jsonPracticeUITests.xctest */,
			);
			name = Products;
			sourceTree = "<group>";
		};
		3F68C34027BBCA1D002B82F8 /* jsonPractice */ = {
			isa = PBXGroup;
			children = (
				3F68C34127BBCA1D002B82F8 /* jsonPracticeApp.swift */,
				3F68C34327BBCA1D002B82F8 /* ContentView.swift */,
				3F68C36B27BBCA8D002B82F8 /* WebAPI.swift */,
				3F68C34527BBCA1E002B82F8 /* Assets.xcassets */,
				3F68C34727BBCA1E002B82F8 /* Preview Content */,
			);
			path = jsonPractice;
			sourceTree = "<group>";
		};
		3F68C34727BBCA1E002B82F8 /* Preview Content */ = {
			isa = PBXGroup;
			children = (
				3F68C34827BBCA1E002B82F8 /* Preview Assets.xcassets */,
			);
			path = "Preview Content";
			sourceTree = "<group>";
		};
		3F68C35127BBCA1E002B82F8 /* jsonPracticeTests */ = {
			isa = PBXGroup;
			children = (
				3F68C35227BBCA1E002B82F8 /* jsonPracticeTests.swift */,
			);
			path = jsonPracticeTests;
			sourceTree = "<group>";
		};
		3F68C35B27BBCA1E002B82F8 /* jsonPracticeUITests */ = {
			isa = PBXGroup;
			children = (
				3F68C35C27BBCA1E002B82F8 /* jsonPracticeUITests.swift */,
				3F68C35E27BBCA1E002B82F8 /* jsonPracticeUITestsLaunchTests.swift */,
			);
			path = jsonPracticeUITests;
			sourceTree = "<group>";
		};
/* End PBXGroup section */

/* Begin PBXNativeTarget section */
		3F68C33D27BBCA1D002B82F8 /* jsonPractice */ = {
			isa = PBXNativeTarget;
			buildConfigurationList = 3F68C36227BBCA1E002B82F8 /* Build configuration list for PBXNativeTarget "jsonPractice" */;
			buildPhases = (
				3F68C33A27BBCA1D002B82F8 /* Sources */,
				3F68C33B27BBCA1D002B82F8 /* Frameworks */,
				3F68C33C27BBCA1D002B82F8 /* Resources */,
			);
			buildRules = (
			);
			dependencies = (
			);
			name = jsonPractice;
			productName = jsonPractice;
			productReference = 3F68C33E27BBCA1D002B82F8 /* jsonPractice.app */;
			productType = "com.apple.product-type.application";
		};
		3F68C34D27BBCA1E002B82F8 /* jsonPracticeTests */ = {
			isa = PBXNativeTarget;
			buildConfigurationList = 3F68C36527BBCA1E002B82F8 /* Build configuration list for PBXNativeTarget "jsonPracticeTests" */;
			buildPhases = (
				3F68C34A27BBCA1E002B82F8 /* Sources */,
				3F68C34B27BBCA1E002B82F8 /* Frameworks */,
				3F68C34C27BBCA1E002B82F8 /* Resources */,
			);
			buildRules = (
			);
			dependencies = (
				3F68C35027BBCA1E002B82F8 /* PBXTargetDependency */,
			);
			name = jsonPracticeTests;
			productName = jsonPracticeTests;
			productReference = 3F68C34E27BBCA1E002B82F8 /* jsonPracticeTests.xctest */;
			productType = "com.apple.product-type.bundle.unit-test";
		};
		3F68C35727BBCA1E002B82F8 /* jsonPracticeUITests */ = {
			isa = PBXNativeTarget;
			buildConfigurationList = 3F68C36827BBCA1E002B82F8 /* Build configuration list for PBXNativeTarget "jsonPracticeUITests" */;
			buildPhases = (
				3F68C35427BBCA1E002B82F8 /* Sources */,
				3F68C35527BBCA1E002B82F8 /* Frameworks */,
				3F68C35627BBCA1E002B82F8 /* Resources */,
			);
			buildRules = (
			);
			dependencies = (
				3F68C35A27BBCA1E002B82F8 /* PBXTargetDependency */,
			);
			name = jsonPracticeUITests;
			productName = jsonPracticeUITests;
			productReference = 3F68C35827BBCA1E002B82F8 /* jsonPracticeUITests.xctest */;
			productType = "com.apple.product-type.bundle.ui-testing";
		};
/* End PBXNativeTarget section */

/* Begin PBXProject section */
		3F68C33627BBCA1D002B82F8 /* Project object */ = {
			isa = PBXProject;
			attributes = {
				BuildIndependentTargetsInParallel = 1;
				LastSwiftUpdateCheck = 1320;
				LastUpgradeCheck = 1320;
				TargetAttributes = {
					3F68C33D27BBCA1D002B82F8 = {
						CreatedOnToolsVersion = 13.2.1;
					};
					3F68C34D27BBCA1E002B82F8 = {
						CreatedOnToolsVersion = 13.2.1;
						TestTargetID = 3F68C33D27BBCA1D002B82F8;
					};
					3F68C35727BBCA1E002B82F8 = {
						CreatedOnToolsVersion = 13.2.1;
						TestTargetID = 3F68C33D27BBCA1D002B82F8;
					};
				};
			};
			buildConfigurationList = 3F68C33927BBCA1D002B82F8 /* Build configuration list for PBXProject "jsonPractice" */;
			compatibilityVersion = "Xcode 13.0";
			developmentRegion = en;
			hasScannedForEncodings = 0;
			knownRegions = (
				en,
				Base,
			);
			mainGroup = 3F68C33527BBCA1D002B82F8;
			productRefGroup = 3F68C33F27BBCA1D002B82F8 /* Products */;
			projectDirPath = "";
			projectRoot = "";
			targets = (
				3F68C33D27BBCA1D002B82F8 /* jsonPractice */,
				3F68C34D27BBCA1E002B82F8 /* jsonPracticeTests */,
				3F68C35727BBCA1E002B82F8 /* jsonPracticeUITests */,
			);
		};
/* End PBXProject section */

/* Begin PBXResourcesBuildPhase section */
		3F68C33C27BBCA1D002B82F8 /* Resources */ = {
			isa = PBXResourcesBuildPhase;
			buildActionMask = 2147483647;
			files = (
				3F68C34927BBCA1E002B82F8 /* Preview Assets.xcassets in Resources */,
				3F68C34627BBCA1E002B82F8 /* Assets.xcassets in Resources */,
			);
			runOnlyForDeploymentPostprocessing = 0;
		};
		3F68C34C27BBCA1E002B82F8 /* Resources */ = {
			isa = PBXResourcesBuildPhase;
			buildActionMask = 2147483647;
			files = (
			);
			runOnlyForDeploymentPostprocessing = 0;
		};
		3F68C35627BBCA1E002B82F8 /* Resources */ = {
			isa = PBXResourcesBuildPhase;
			buildActionMask = 2147483647;
			files = (
			);
			runOnlyForDeploymentPostprocessing = 0;
		};
/* End PBXResourcesBuildPhase section */

/* Begin PBXSourcesBuildPhase section */
		3F68C33A27BBCA1D002B82F8 /* Sources */ = {
			isa = PBXSourcesBuildPhase;
			buildActionMask = 2147483647;
			files = (
				3F68C34427BBCA1D002B82F8 /* ContentView.swift in Sources */,
				3F68C36C27BBCA8D002B82F8 /* WebAPI.swift in Sources */,
				3F68C34227BBCA1D002B82F8 /* jsonPracticeApp.swift in Sources */,
			);
			runOnlyForDeploymentPostprocessing = 0;
		};
		3F68C34A27BBCA1E002B82F8 /* Sources */ = {
			isa = PBXSourcesBuildPhase;
			buildActionMask = 2147483647;
			files = (
				3F68C35327BBCA1E002B82F8 /* jsonPracticeTests.swift in Sources */,
			);
			runOnlyForDeploymentPostprocessing = 0;
		};
		3F68C35427BBCA1E002B82F8 /* Sources */ = {
			isa = PBXSourcesBuildPhase;
			buildActionMask = 2147483647;
			files = (
				3F68C35D27BBCA1E002B82F8 /* jsonPracticeUITests.swift in Sources */,
				3F68C35F27BBCA1E002B82F8 /* jsonPracticeUITestsLaunchTests.swift in Sources */,
			);
			runOnlyForDeploymentPostprocessing = 0;
		};
/* End PBXSourcesBuildPhase section */

/* Begin PBXTargetDependency section */
		3F68C35027BBCA1E002B82F8 /* PBXTargetDependency */ = {
			isa = PBXTargetDependency;
			target = 3F68C33D27BBCA1D002B82F8 /* jsonPractice */;
			targetProxy = 3F68C34F27BBCA1E002B82F8 /* PBXContainerItemProxy */;
		};
		3F68C35A27BBCA1E002B82F8 /* PBXTargetDependency */ = {
			isa = PBXTargetDependency;
			target = 3F68C33D27BBCA1D002B82F8 /* jsonPractice */;
			targetProxy = 3F68C35927BBCA1E002B82F8 /* PBXContainerItemProxy */;
		};
/* End PBXTargetDependency section */

/* Begin XCBuildConfiguration section */
		3F68C36027BBCA1E002B82F8 /* Debug */ = {
			isa = XCBuildConfiguration;
			buildSettings = {
				ALWAYS_SEARCH_USER_PATHS = NO;
				CLANG_ANALYZER_NONNULL = YES;
				CLANG_ANALYZER_NUMBER_OBJECT_CONVERSION = YES_AGGRESSIVE;
				CLANG_CXX_LANGUAGE_STANDARD = "gnu++17";
				CLANG_CXX_LIBRARY = "libc++";
				CLANG_ENABLE_MODULES = YES;
				CLANG_ENABLE_OBJC_ARC = YES;
				CLANG_ENABLE_OBJC_WEAK = YES;
				CLANG_WARN_BLOCK_CAPTURE_AUTORELEASING = YES;
				CLANG_WARN_BOOL_CONVERSION = YES;
				CLANG_WARN_COMMA = YES;
				CLANG_WARN_CONSTANT_CONVERSION = YES;
				CLANG_WARN_DEPRECATED_OBJC_IMPLEMENTATIONS = YES;
				CLANG_WARN_DIRECT_OBJC_ISA_USAGE = YES_ERROR;
				CLANG_WARN_DOCUMENTATION_COMMENTS = YES;
				CLANG_WARN_EMPTY_BODY = YES;
				CLANG_WARN_ENUM_CONVERSION = YES;
				CLANG_WARN_INFINITE_RECURSION = YES;
				CLANG_WARN_INT_CONVERSION = YES;
				CLANG_WARN_NON_LITERAL_NULL_CONVERSION = YES;
				CLANG_WARN_OBJC_IMPLICIT_RETAIN_SELF = YES;
				CLANG_WARN_OBJC_LITERAL_CONVERSION = YES;
				CLANG_WARN_OBJC_ROOT_CLASS = YES_ERROR;
				CLANG_WARN_QUOTED_INCLUDE_IN_FRAMEWORK_HEADER = YES;
				CLANG_WARN_RANGE_LOOP_ANALYSIS = YES;
				CLANG_WARN_STRICT_PROTOTYPES = YES;
				CLANG_WARN_SUSPICIOUS_MOVE = YES;
				CLANG_WARN_UNGUARDED_AVAILABILITY = YES_AGGRESSIVE;
				CLANG_WARN_UNREACHABLE_CODE = YES;
				CLANG_WARN__DUPLICATE_METHOD_MATCH = YES;
				COPY_PHASE_STRIP = NO;
				DEBUG_INFORMATION_FORMAT = dwarf;
				ENABLE_STRICT_OBJC_MSGSEND = YES;
				ENABLE_TESTABILITY = YES;
				GCC_C_LANGUAGE_STANDARD = gnu11;
				GCC_DYNAMIC_NO_PIC = NO;
				GCC_NO_COMMON_BLOCKS = YES;
				GCC_OPTIMIZATION_LEVEL = 0;
				GCC_PREPROCESSOR_DEFINITIONS = (
					"DEBUG=1",
					"$(inherited)",
				);
				GCC_WARN_64_TO_32_BIT_CONVERSION = YES;
				GCC_WARN_ABOUT_RETURN_TYPE = YES_ERROR;
				GCC_WARN_UNDECLARED_SELECTOR = YES;
				GCC_WARN_UNINITIALIZED_AUTOS = YES_AGGRESSIVE;
				GCC_WARN_UNUSED_FUNCTION = YES;
				GCC_WARN_UNUSED_VARIABLE = YES;
				IPHONEOS_DEPLOYMENT_TARGET = 15.2;
				MTL_ENABLE_DEBUG_INFO = INCLUDE_SOURCE;
				MTL_FAST_MATH = YES;
				ONLY_ACTIVE_ARCH = YES;
				SDKROOT = iphoneos;
				SWIFT_ACTIVE_COMPILATION_CONDITIONS = DEBUG;
				SWIFT_OPTIMIZATION_LEVEL = "-Onone";
			};
			name = Debug;
		};
		3F68C36127BBCA1E002B82F8 /* Release */ = {
			isa = XCBuildConfiguration;
			buildSettings = {
				ALWAYS_SEARCH_USER_PATHS = NO;
				CLANG_ANALYZER_NONNULL = YES;
				CLANG_ANALYZER_NUMBER_OBJECT_CONVERSION = YES_AGGRESSIVE;
				CLANG_CXX_LANGUAGE_STANDARD = "gnu++17";
				CLANG_CXX_LIBRARY = "libc++";
				CLANG_ENABLE_MODULES = YES;
				CLANG_ENABLE_OBJC_ARC = YES;
				CLANG_ENABLE_OBJC_WEAK = YES;
				CLANG_WARN_BLOCK_CAPTURE_AUTORELEASING = YES;
				CLANG_WARN_BOOL_CONVERSION = YES;
				CLANG_WARN_COMMA = YES;
				CLANG_WARN_CONSTANT_CONVERSION = YES;
				CLANG_WARN_DEPRECATED_OBJC_IMPLEMENTATIONS = YES;
				CLANG_WARN_DIRECT_OBJC_ISA_USAGE = YES_ERROR;
				CLANG_WARN_DOCUMENTATION_COMMENTS = YES;
				CLANG_WARN_EMPTY_BODY = YES;
				CLANG_WARN_ENUM_CONVERSION = YES;
				CLANG_WARN_INFINITE_RECURSION = YES;
				CLANG_WARN_INT_CONVERSION = YES;
				CLANG_WARN_NON_LITERAL_NULL_CONVERSION = YES;
				CLANG_WARN_OBJC_IMPLICIT_RETAIN_SELF = YES;
				CLANG_WARN_OBJC_LITERAL_CONVERSION = YES;
				CLANG_WARN_OBJC_ROOT_CLASS = YES_ERROR;
				CLANG_WARN_QUOTED_INCLUDE_IN_FRAMEWORK_HEADER = YES;
				CLANG_WARN_RANGE_LOOP_ANALYSIS = YES;
				CLANG_WARN_STRICT_PROTOTYPES = YES;
				CLANG_WARN_SUSPICIOUS_MOVE = YES;
				CLANG_WARN_UNGUARDED_AVAILABILITY = YES_AGGRESSIVE;
				CLANG_WARN_UNREACHABLE_CODE = YES;
				CLANG_WARN__DUPLICATE_METHOD_MATCH = YES;
				COPY_PHASE_STRIP = NO;
				DEBUG_INFORMATION_FORMAT = "dwarf-with-dsym";
				ENABLE_NS_ASSERTIONS = NO;
				ENABLE_STRICT_OBJC_MSGSEND = YES;
				GCC_C_LANGUAGE_STANDARD = gnu11;
				GCC_NO_COMMON_BLOCKS = YES;
				GCC_WARN_64_TO_32_BIT_CONVERSION = YES;
				GCC_WARN_ABOUT_RETURN_TYPE = YES_ERROR;
				GCC_WARN_UNDECLARED_SELECTOR = YES;
				GCC_WARN_UNINITIALIZED_AUTOS = YES_AGGRESSIVE;
				GCC_WARN_UNUSED_FUNCTION = YES;
				GCC_WARN_UNUSED_VARIABLE = YES;
				IPHONEOS_DEPLOYMENT_TARGET = 15.2;
				MTL_ENABLE_DEBUG_INFO = NO;
				MTL_FAST_MATH = YES;
				SDKROOT = iphoneos;
				SWIFT_COMPILATION_MODE = wholemodule;
				SWIFT_OPTIMIZATION_LEVEL = "-O";
				VALIDATE_PRODUCT = YES;
			};
			name = Release;
		};
		3F68C36327BBCA1E002B82F8 /* Debug */ = {
			isa = XCBuildConfiguration;
			buildSettings = {
				ASSETCATALOG_COMPILER_APPICON_NAME = AppIcon;
				ASSETCATALOG_COMPILER_GLOBAL_ACCENT_COLOR_NAME = AccentColor;
				CODE_SIGN_STYLE = Automatic;
				CURRENT_PROJECT_VERSION = 1;
				DEVELOPMENT_ASSET_PATHS = "\"jsonPractice/Preview Content\"";
				ENABLE_PREVIEWS = YES;
				GENERATE_INFOPLIST_FILE = YES;
				INFOPLIST_KEY_UIApplicationSceneManifest_Generation = YES;
				INFOPLIST_KEY_UIApplicationSupportsIndirectInputEvents = YES;
				INFOPLIST_KEY_UILaunchScreen_Generation = YES;
				INFOPLIST_KEY_UISupportedInterfaceOrientations_iPad = "UIInterfaceOrientationPortrait UIInterfaceOrientationPortraitUpsideDown UIInterfaceOrientationLandscapeLeft UIInterfaceOrientationLandscapeRight";
				INFOPLIST_KEY_UISupportedInterfaceOrientations_iPhone = "UIInterfaceOrientationPortrait UIInterfaceOrientationLandscapeLeft UIInterfaceOrientationLandscapeRight";
				LD_RUNPATH_SEARCH_PATHS = (
					"$(inherited)",
					"@executable_path/Frameworks",
				);
				MARKETING_VERSION = 1.0;
				PRODUCT_BUNDLE_IDENTIFIER = "---------.jsonPractice";
				PRODUCT_NAME = jsonPractice;
				SWIFT_EMIT_LOC_STRINGS = YES;
				SWIFT_VERSION = 5.0;
				TARGETED_DEVICE_FAMILY = "1,2";
			};
			name = Debug;
		};
		3F68C36427BBCA1E002B82F8 /* Release */ = {
			isa = XCBuildConfiguration;
			buildSettings = {
				ASSETCATALOG_COMPILER_APPICON_NAME = AppIcon;
				ASSETCATALOG_COMPILER_GLOBAL_ACCENT_COLOR_NAME = AccentColor;
				CODE_SIGN_STYLE = Automatic;
				CURRENT_PROJECT_VERSION = 1;
				DEVELOPMENT_ASSET_PATHS = "\"jsonPractice/Preview Content\"";
				ENABLE_PREVIEWS = YES;
				GENERATE_INFOPLIST_FILE = YES;
				INFOPLIST_KEY_UIApplicationSceneManifest_Generation = YES;
				INFOPLIST_KEY_UIApplicationSupportsIndirectInputEvents = YES;
				INFOPLIST_KEY_UILaunchScreen_Generation = YES;
				INFOPLIST_KEY_UISupportedInterfaceOrientations_iPad = "UIInterfaceOrientationPortrait UIInterfaceOrientationPortraitUpsideDown UIInterfaceOrientationLandscapeLeft UIInterfaceOrientationLandscapeRight";
				INFOPLIST_KEY_UISupportedInterfaceOrientations_iPhone = "UIInterfaceOrientationPortrait UIInterfaceOrientationLandscapeLeft UIInterfaceOrientationLandscapeRight";
				LD_RUNPATH_SEARCH_PATHS = (
					"$(inherited)",
					"@executable_path/Frameworks",
				);
				MARKETING_VERSION = 1.0;
				PRODUCT_BUNDLE_IDENTIFIER = "---------.jsonPractice";
				PRODUCT_NAME = jsonPractice;
				SWIFT_EMIT_LOC_STRINGS = YES;
				SWIFT_VERSION = 5.0;
				TARGETED_DEVICE_FAMILY = "1,2";
			};
			name = Release;
		};
		3F68C36627BBCA1E002B82F8 /* Debug */ = {
			isa = XCBuildConfiguration;
			buildSettings = {
				ALWAYS_EMBED_SWIFT_STANDARD_LIBRARIES = YES;
				BUNDLE_LOADER = "$(TEST_HOST)";
				CODE_SIGN_STYLE = Automatic;
				CURRENT_PROJECT_VERSION = 1;
				GENERATE_INFOPLIST_FILE = YES;
				IPHONEOS_DEPLOYMENT_TARGET = 15.2;
				MARKETING_VERSION = 1.0;
				PRODUCT_BUNDLE_IDENTIFIER = "---------.jsonPracticeTests";
				PRODUCT_NAME = "$(TARGET_NAME)";
				SWIFT_EMIT_LOC_STRINGS = NO;
				SWIFT_VERSION = 5.0;
				TARGETED_DEVICE_FAMILY = "1,2";
				TEST_HOST = "$(BUILT_PRODUCTS_DIR)/jsonPractice.app/jsonPractice";
			};
			name = Debug;
		};
		3F68C36727BBCA1E002B82F8 /* Release */ = {
			isa = XCBuildConfiguration;
			buildSettings = {
				ALWAYS_EMBED_SWIFT_STANDARD_LIBRARIES = YES;
				BUNDLE_LOADER = "$(TEST_HOST)";
				CODE_SIGN_STYLE = Automatic;
				CURRENT_PROJECT_VERSION = 1;
				GENERATE_INFOPLIST_FILE = YES;
				IPHONEOS_DEPLOYMENT_TARGET = 15.2;
				MARKETING_VERSION = 1.0;
				PRODUCT_BUNDLE_IDENTIFIER = "---------.jsonPracticeTests";
				PRODUCT_NAME = "$(TARGET_NAME)";
				SWIFT_EMIT_LOC_STRINGS = NO;
				SWIFT_VERSION = 5.0;
				TARGETED_DEVICE_FAMILY = "1,2";
				TEST_HOST = "$(BUILT_PRODUCTS_DIR)/jsonPractice.app/jsonPractice";
			};
			name = Release;
		};
		3F68C36927BBCA1E002B82F8 /* Debug */ = {
			isa = XCBuildConfiguration;
			buildSettings = {
				ALWAYS_EMBED_SWIFT_STANDARD_LIBRARIES = YES;
				CODE_SIGN_STYLE = Automatic;
				CURRENT_PROJECT_VERSION = 1;
				GENERATE_INFOPLIST_FILE = YES;
				MARKETING_VERSION = 1.0;
				PRODUCT_BUNDLE_IDENTIFIER = "---------.jsonPracticeUITests";
				PRODUCT_NAME = "$(TARGET_NAME)";
				SWIFT_EMIT_LOC_STRINGS = NO;
				SWIFT_VERSION = 5.0;
				TARGETED_DEVICE_FAMILY = "1,2";
				TEST_TARGET_NAME = jsonPractice;
			};
			name = Debug;
		};
		3F68C36A27BBCA1E002B82F8 /* Release */ = {
			isa = XCBuildConfiguration;
			buildSettings = {
				ALWAYS_EMBED_SWIFT_STANDARD_LIBRARIES = YES;
				CODE_SIGN_STYLE = Automatic;
				CURRENT_PROJECT_VERSION = 1;
				GENERATE_INFOPLIST_FILE = YES;
				MARKETING_VERSION = 1.0;
				PRODUCT_BUNDLE_IDENTIFIER = "---------.jsonPracticeUITests";
				PRODUCT_NAME = "$(TARGET_NAME)";
				SWIFT_EMIT_LOC_STRINGS = NO;
				SWIFT_VERSION = 5.0;
				TARGETED_DEVICE_FAMILY = "1,2";
				TEST_TARGET_NAME = jsonPractice;
			};
			name = Release;
		};
/* End XCBuildConfiguration section */

/* Begin XCConfigurationList section */
		3F68C33927BBCA1D002B82F8 /* Build configuration list for PBXProject "jsonPractice" */ = {
			isa = XCConfigurationList;
			buildConfigurations = (
				3F68C36027BBCA1E002B82F8 /* Debug */,
				3F68C36127BBCA1E002B82F8 /* Release */,
			);
			defaultConfigurationIsVisible = 0;
			defaultConfigurationName = Release;
		};
		3F68C36227BBCA1E002B82F8 /* Build configuration list for PBXNativeTarget "jsonPractice" */ = {
			isa = XCConfigurationList;
			buildConfigurations = (
				3F68C36327BBCA1E002B82F8 /* Debug */,
				3F68C36427BBCA1E002B82F8 /* Release */,
			);
			defaultConfigurationIsVisible = 0;
			defaultConfigurationName = Release;
		};
		3F68C36527BBCA1E002B82F8 /* Build configuration list for PBXNativeTarget "jsonPracticeTests" */ = {
			isa = XCConfigurationList;
			buildConfigurations = (
				3F68C36627BBCA1E002B82F8 /* Debug */,
				3F68C36727BBCA1E002B82F8 /* Release */,
			);
			defaultConfigurationIsVisible = 0;
			defaultConfigurationName = Release;
		};
		3F68C36827BBCA1E002B82F8 /* Build configuration list for PBXNativeTarget "jsonPracticeUITests" */ = {
			isa = XCConfigurationList;
			buildConfigurations = (
				3F68C36927BBCA1E002B82F8 /* Debug */,
				3F68C36A27BBCA1E002B82F8 /* Release */,
			);
			defaultConfigurationIsVisible = 0;
			defaultConfigurationName = Release;
		};
/* End XCConfigurationList section */
	};
	rootObject = 3F68C33627BBCA1D002B82F8 /* Project object */;
}
