// !$*UTF8*$!
{
	archiveVersion = 1;
	classes = {
	};
	objectVersion = 50;
	objects = {

/* Begin PBXBuildFile section */
		3FC228A227A9299400B20FE1 /* Item.swift in Sources */ = {isa = PBXBuildFile; fileRef = 3FC228A127A9299400B20FE1 /* Item.swift */; };
		3FC2BA4E27A9186500A48B7A /* AppDelegate.swift in Sources */ = {isa = PBXBuildFile; fileRef = 3FC2BA4D27A9186500A48B7A /* AppDelegate.swift */; };
		3FC2BA5027A9186500A48B7A /* SceneDelegate.swift in Sources */ = {isa = PBXBuildFile; fileRef = 3FC2BA4F27A9186500A48B7A /* SceneDelegate.swift */; };
		3FC2BA5227A9186500A48B7A /* ContentView.swift in Sources */ = {isa = PBXBuildFile; fileRef = 3FC2BA5127A9186500A48B7A /* ContentView.swift */; };
		3FC2BA5427A9186700A48B7A /* Assets.xcassets in Resources */ = {isa = PBXBuildFile; fileRef = 3FC2BA5327A9186700A48B7A /* Assets.xcassets */; };
		3FC2BA5727A9186700A48B7A /* Preview Assets.xcassets in Resources */ = {isa = PBXBuildFile; fileRef = 3FC2BA5627A9186700A48B7A /* Preview Assets.xcassets */; };
		3FC2BA5A27A9186700A48B7A /* LaunchScreen.storyboard in Resources */ = {isa = PBXBuildFile; fileRef = 3FC2BA5827A9186700A48B7A /* LaunchScreen.storyboard */; };
		3FC2BA6527A9186700A48B7A /* GridViewTests.swift in Sources */ = {isa = PBXBuildFile; fileRef = 3FC2BA6427A9186700A48B7A /* GridViewTests.swift */; };
		3FC2BA7027A9186700A48B7A /* GridViewUITests.swift in Sources */ = {isa = PBXBuildFile; fileRef = 3FC2BA6F27A9186700A48B7A /* GridViewUITests.swift */; };
		3FC2BA8027A91A8300A48B7A /* IMG_2.jpeg in Resources */ = {isa = PBXBuildFile; fileRef = 3FC2BA7D27A91A8300A48B7A /* IMG_2.jpeg */; };
		3FC2BA8127A91A8300A48B7A /* IMG_0.jpeg in Resources */ = {isa = PBXBuildFile; fileRef = 3FC2BA7E27A91A8300A48B7A /* IMG_0.jpeg */; };
		3FC2BA8227A91A8300A48B7A /* IMG_1.jpeg in Resources */ = {isa = PBXBuildFile; fileRef = 3FC2BA7F27A91A8300A48B7A /* IMG_1.jpeg */; };
		3FC2BA8527A91D2000A48B7A /* GridType.swift in Sources */ = {isa = PBXBuildFile; fileRef = 3FC2BA8427A91D2000A48B7A /* GridType.swift */; };
/* End PBXBuildFile section */

/* Begin PBXContainerItemProxy section */
		3FC2BA6127A9186700A48B7A /* PBXContainerItemProxy */ = {
			isa = PBXContainerItemProxy;
			containerPortal = 3FC2BA4227A9186500A48B7A /* Project object */;
			proxyType = 1;
			remoteGlobalIDString = 3FC2BA4927A9186500A48B7A;
			remoteInfo = GridView;
		};
		3FC2BA6C27A9186700A48B7A /* PBXContainerItemProxy */ = {
			isa = PBXContainerItemProxy;
			containerPortal = 3FC2BA4227A9186500A48B7A /* Project object */;
			proxyType = 1;
			remoteGlobalIDString = 3FC2BA4927A9186500A48B7A;
			remoteInfo = GridView;
		};
/* End PBXContainerItemProxy section */

/* Begin PBXFileReference section */
		3FC228A127A9299400B20FE1 /* Item.swift */ = {isa = PBXFileReference; lastKnownFileType = sourcecode.swift; path = Item.swift; sourceTree = "<group>"; };
		3FC2BA4A27A9186500A48B7A /* GridView.app */ = {isa = PBXFileReference; explicitFileType = wrapper.application; includeInIndex = 0; path = GridView.app; sourceTree = BUILT_PRODUCTS_DIR; };
		3FC2BA4D27A9186500A48B7A /* AppDelegate.swift */ = {isa = PBXFileReference; lastKnownFileType = sourcecode.swift; path = AppDelegate.swift; sourceTree = "<group>"; };
		3FC2BA4F27A9186500A48B7A /* SceneDelegate.swift */ = {isa = PBXFileReference; lastKnownFileType = sourcecode.swift; path = SceneDelegate.swift; sourceTree = "<group>"; };
		3FC2BA5127A9186500A48B7A /* ContentView.swift */ = {isa = PBXFileReference; lastKnownFileType = sourcecode.swift; path = ContentView.swift; sourceTree = "<group>"; };
		3FC2BA5327A9186700A48B7A /* Assets.xcassets */ = {isa = PBXFileReference; lastKnownFileType = folder.assetcatalog; path = Assets.xcassets; sourceTree = "<group>"; };
		3FC2BA5627A9186700A48B7A /* Preview Assets.xcassets */ = {isa = PBXFileReference; lastKnownFileType = folder.assetcatalog; path = "Preview Assets.xcassets"; sourceTree = "<group>"; };
		3FC2BA5927A9186700A48B7A /* Base */ = {isa = PBXFileReference; lastKnownFileType = file.storyboard; name = Base; path = Base.lproj/LaunchScreen.storyboard; sourceTree = "<group>"; };
		3FC2BA5B27A9186700A48B7A /* Info.plist */ = {isa = PBXFileReference; lastKnownFileType = text.plist.xml; path = Info.plist; sourceTree = "<group>"; };
		3FC2BA6027A9186700A48B7A /* GridViewTests.xctest */ = {isa = PBXFileReference; explicitFileType = wrapper.cfbundle; includeInIndex = 0; path = GridViewTests.xctest; sourceTree = BUILT_PRODUCTS_DIR; };
		3FC2BA6427A9186700A48B7A /* GridViewTests.swift */ = {isa = PBXFileReference; lastKnownFileType = sourcecode.swift; path = GridViewTests.swift; sourceTree = "<group>"; };
		3FC2BA6627A9186700A48B7A /* Info.plist */ = {isa = PBXFileReference; lastKnownFileType = text.plist.xml; path = Info.plist; sourceTree = "<group>"; };
		3FC2BA6B27A9186700A48B7A /* GridViewUITests.xctest */ = {isa = PBXFileReference; explicitFileType = wrapper.cfbundle; includeInIndex = 0; path = GridViewUITests.xctest; sourceTree = BUILT_PRODUCTS_DIR; };
		3FC2BA6F27A9186700A48B7A /* GridViewUITests.swift */ = {isa = PBXFileReference; lastKnownFileType = sourcecode.swift; path = GridViewUITests.swift; sourceTree = "<group>"; };
		3FC2BA7127A9186700A48B7A /* Info.plist */ = {isa = PBXFileReference; lastKnownFileType = text.plist.xml; path = Info.plist; sourceTree = "<group>"; };
		3FC2BA7D27A91A8300A48B7A /* IMG_2.jpeg */ = {isa = PBXFileReference; lastKnownFileType = image.jpeg; path = IMG_2.jpeg; sourceTree = "<group>"; };
		3FC2BA7E27A91A8300A48B7A /* IMG_0.jpeg */ = {isa = PBXFileReference; lastKnownFileType = image.jpeg; path = IMG_0.jpeg; sourceTree = "<group>"; };
		3FC2BA7F27A91A8300A48B7A /* IMG_1.jpeg */ = {isa = PBXFileReference; lastKnownFileType = image.jpeg; path = IMG_1.jpeg; sourceTree = "<group>"; };
		3FC2BA8427A91D2000A48B7A /* GridType.swift */ = {isa = PBXFileReference; lastKnownFileType = sourcecode.swift; path = GridType.swift; sourceTree = "<group>"; };
/* End PBXFileReference section */

/* Begin PBXFrameworksBuildPhase section */
		3FC2BA4727A9186500A48B7A /* Frameworks */ = {
			isa = PBXFrameworksBuildPhase;
			buildActionMask = 2147483647;
			files = (
			);
			runOnlyForDeploymentPostprocessing = 0;
		};
		3FC2BA5D27A9186700A48B7A /* Frameworks */ = {
			isa = PBXFrameworksBuildPhase;
			buildActionMask = 2147483647;
			files = (
			);
			runOnlyForDeploymentPostprocessing = 0;
		};
		3FC2BA6827A9186700A48B7A /* Frameworks */ = {
			isa = PBXFrameworksBuildPhase;
			buildActionMask = 2147483647;
			files = (
			);
			runOnlyForDeploymentPostprocessing = 0;
		};
/* End PBXFrameworksBuildPhase section */

/* Begin PBXGroup section */
		3FC228A327A9379600B20FE1 /* images */ = {
			isa = PBXGroup;
			children = (
				3FC2BA7E27A91A8300A48B7A /* IMG_0.jpeg */,
				3FC2BA7F27A91A8300A48B7A /* IMG_1.jpeg */,
				3FC2BA7D27A91A8300A48B7A /* IMG_2.jpeg */,
			);
			path = images;
			sourceTree = "<group>";
		};
		3FC2BA4127A9186500A48B7A = {
			isa = PBXGroup;
			children = (
				3FC2BA4C27A9186500A48B7A /* GridView */,
				3FC2BA6327A9186700A48B7A /* GridViewTests */,
				3FC2BA6E27A9186700A48B7A /* GridViewUITests */,
				3FC2BA4B27A9186500A48B7A /* Products */,
			);
			sourceTree = "<group>";
		};
		3FC2BA4B27A9186500A48B7A /* Products */ = {
			isa = PBXGroup;
			children = (
				3FC2BA4A27A9186500A48B7A /* GridView.app */,
				3FC2BA6027A9186700A48B7A /* GridViewTests.xctest */,
				3FC2BA6B27A9186700A48B7A /* GridViewUITests.xctest */,
			);
			name = Products;
			sourceTree = "<group>";
		};
		3FC2BA4C27A9186500A48B7A /* GridView */ = {
			isa = PBXGroup;
			children = (
				3FC228A327A9379600B20FE1 /* images */,
				3FC2BA4D27A9186500A48B7A /* AppDelegate.swift */,
				3FC2BA4F27A9186500A48B7A /* SceneDelegate.swift */,
				3FC2BA5127A9186500A48B7A /* ContentView.swift */,
				3FC2BA5327A9186700A48B7A /* Assets.xcassets */,
				3FC2BA5827A9186700A48B7A /* LaunchScreen.storyboard */,
				3FC2BA5B27A9186700A48B7A /* Info.plist */,
				3FC2BA5527A9186700A48B7A /* Preview Content */,
				3FC2BA8427A91D2000A48B7A /* GridType.swift */,
				3FC228A127A9299400B20FE1 /* Item.swift */,
			);
			path = GridView;
			sourceTree = "<group>";
		};
		3FC2BA5527A9186700A48B7A /* Preview Content */ = {
			isa = PBXGroup;
			children = (
				3FC2BA5627A9186700A48B7A /* Preview Assets.xcassets */,
			);
			path = "Preview Content";
			sourceTree = "<group>";
		};
		3FC2BA6327A9186700A48B7A /* GridViewTests */ = {
			isa = PBXGroup;
			children = (
				3FC2BA6427A9186700A48B7A /* GridViewTests.swift */,
				3FC2BA6627A9186700A48B7A /* Info.plist */,
			);
			path = GridViewTests;
			sourceTree = "<group>";
		};
		3FC2BA6E27A9186700A48B7A /* GridViewUITests */ = {
			isa = PBXGroup;
			children = (
				3FC2BA6F27A9186700A48B7A /* GridViewUITests.swift */,
				3FC2BA7127A9186700A48B7A /* Info.plist */,
			);
			path = GridViewUITests;
			sourceTree = "<group>";
		};
/* End PBXGroup section */

/* Begin PBXNativeTarget section */
		3FC2BA4927A9186500A48B7A /* GridView */ = {
			isa = PBXNativeTarget;
			buildConfigurationList = 3FC2BA7427A9186700A48B7A /* Build configuration list for PBXNativeTarget "GridView" */;
			buildPhases = (
				3FC2BA4627A9186500A48B7A /* Sources */,
				3FC2BA4727A9186500A48B7A /* Frameworks */,
				3FC2BA4827A9186500A48B7A /* Resources */,
			);
			buildRules = (
			);
			dependencies = (
			);
			name = GridView;
			productName = GridView;
			productReference = 3FC2BA4A27A9186500A48B7A /* GridView.app */;
			productType = "com.apple.product-type.application";
		};
		3FC2BA5F27A9186700A48B7A /* GridViewTests */ = {
			isa = PBXNativeTarget;
			buildConfigurationList = 3FC2BA7727A9186700A48B7A /* Build configuration list for PBXNativeTarget "GridViewTests" */;
			buildPhases = (
				3FC2BA5C27A9186700A48B7A /* Sources */,
				3FC2BA5D27A9186700A48B7A /* Frameworks */,
				3FC2BA5E27A9186700A48B7A /* Resources */,
			);
			buildRules = (
			);
			dependencies = (
				3FC2BA6227A9186700A48B7A /* PBXTargetDependency */,
			);
			name = GridViewTests;
			productName = GridViewTests;
			productReference = 3FC2BA6027A9186700A48B7A /* GridViewTests.xctest */;
			productType = "com.apple.product-type.bundle.unit-test";
		};
		3FC2BA6A27A9186700A48B7A /* GridViewUITests */ = {
			isa = PBXNativeTarget;
			buildConfigurationList = 3FC2BA7A27A9186700A48B7A /* Build configuration list for PBXNativeTarget "GridViewUITests" */;
			buildPhases = (
				3FC2BA6727A9186700A48B7A /* Sources */,
				3FC2BA6827A9186700A48B7A /* Frameworks */,
				3FC2BA6927A9186700A48B7A /* Resources */,
			);
			buildRules = (
			);
			dependencies = (
				3FC2BA6D27A9186700A48B7A /* PBXTargetDependency */,
			);
			name = GridViewUITests;
			productName = GridViewUITests;
			productReference = 3FC2BA6B27A9186700A48B7A /* GridViewUITests.xctest */;
			productType = "com.apple.product-type.bundle.ui-testing";
		};
/* End PBXNativeTarget section */

/* Begin PBXProject section */
		3FC2BA4227A9186500A48B7A /* Project object */ = {
			isa = PBXProject;
			attributes = {
				LastSwiftUpdateCheck = 1250;
				LastUpgradeCheck = 1250;
				TargetAttributes = {
					3FC2BA4927A9186500A48B7A = {
						CreatedOnToolsVersion = 12.5.1;
					};
					3FC2BA5F27A9186700A48B7A = {
						CreatedOnToolsVersion = 12.5.1;
						TestTargetID = 3FC2BA4927A9186500A48B7A;
					};
					3FC2BA6A27A9186700A48B7A = {
						CreatedOnToolsVersion = 12.5.1;
						TestTargetID = 3FC2BA4927A9186500A48B7A;
					};
				};
			};
			buildConfigurationList = 3FC2BA4527A9186500A48B7A /* Build configuration list for PBXProject "GridView" */;
			compatibilityVersion = "Xcode 9.3";
			developmentRegion = en;
			hasScannedForEncodings = 0;
			knownRegions = (
				en,
				Base,
			);
			mainGroup = 3FC2BA4127A9186500A48B7A;
			productRefGroup = 3FC2BA4B27A9186500A48B7A /* Products */;
			projectDirPath = "";
			projectRoot = "";
			targets = (
				3FC2BA4927A9186500A48B7A /* GridView */,
				3FC2BA5F27A9186700A48B7A /* GridViewTests */,
				3FC2BA6A27A9186700A48B7A /* GridViewUITests */,
			);
		};
/* End PBXProject section */

/* Begin PBXResourcesBuildPhase section */
		3FC2BA4827A9186500A48B7A /* Resources */ = {
			isa = PBXResourcesBuildPhase;
			buildActionMask = 2147483647;
			files = (
				3FC2BA5A27A9186700A48B7A /* LaunchScreen.storyboard in Resources */,
				3FC2BA5727A9186700A48B7A /* Preview Assets.xcassets in Resources */,
				3FC2BA8027A91A8300A48B7A /* IMG_2.jpeg in Resources */,
				3FC2BA8127A91A8300A48B7A /* IMG_0.jpeg in Resources */,
				3FC2BA5427A9186700A48B7A /* Assets.xcassets in Resources */,
				3FC2BA8227A91A8300A48B7A /* IMG_1.jpeg in Resources */,
			);
			runOnlyForDeploymentPostprocessing = 0;
		};
		3FC2BA5E27A9186700A48B7A /* Resources */ = {
			isa = PBXResourcesBuildPhase;
			buildActionMask = 2147483647;
			files = (
			);
			runOnlyForDeploymentPostprocessing = 0;
		};
		3FC2BA6927A9186700A48B7A /* Resources */ = {
			isa = PBXResourcesBuildPhase;
			buildActionMask = 2147483647;
			files = (
			);
			runOnlyForDeploymentPostprocessing = 0;
		};
/* End PBXResourcesBuildPhase section */

/* Begin PBXSourcesBuildPhase section */
		3FC2BA4627A9186500A48B7A /* Sources */ = {
			isa = PBXSourcesBuildPhase;
			buildActionMask = 2147483647;
			files = (
				3FC228A227A9299400B20FE1 /* Item.swift in Sources */,
				3FC2BA4E27A9186500A48B7A /* AppDelegate.swift in Sources */,
				3FC2BA8527A91D2000A48B7A /* GridType.swift in Sources */,
				3FC2BA5027A9186500A48B7A /* SceneDelegate.swift in Sources */,
				3FC2BA5227A9186500A48B7A /* ContentView.swift in Sources */,
			);
			runOnlyForDeploymentPostprocessing = 0;
		};
		3FC2BA5C27A9186700A48B7A /* Sources */ = {
			isa = PBXSourcesBuildPhase;
			buildActionMask = 2147483647;
			files = (
				3FC2BA6527A9186700A48B7A /* GridViewTests.swift in Sources */,
			);
			runOnlyForDeploymentPostprocessing = 0;
		};
		3FC2BA6727A9186700A48B7A /* Sources */ = {
			isa = PBXSourcesBuildPhase;
			buildActionMask = 2147483647;
			files = (
				3FC2BA7027A9186700A48B7A /* GridViewUITests.swift in Sources */,
			);
			runOnlyForDeploymentPostprocessing = 0;
		};
/* End PBXSourcesBuildPhase section */

/* Begin PBXTargetDependency section */
		3FC2BA6227A9186700A48B7A /* PBXTargetDependency */ = {
			isa = PBXTargetDependency;
			target = 3FC2BA4927A9186500A48B7A /* GridView */;
			targetProxy = 3FC2BA6127A9186700A48B7A /* PBXContainerItemProxy */;
		};
		3FC2BA6D27A9186700A48B7A /* PBXTargetDependency */ = {
			isa = PBXTargetDependency;
			target = 3FC2BA4927A9186500A48B7A /* GridView */;
			targetProxy = 3FC2BA6C27A9186700A48B7A /* PBXContainerItemProxy */;
		};
/* End PBXTargetDependency section */

/* Begin PBXVariantGroup section */
		3FC2BA5827A9186700A48B7A /* LaunchScreen.storyboard */ = {
			isa = PBXVariantGroup;
			children = (
				3FC2BA5927A9186700A48B7A /* Base */,
			);
			name = LaunchScreen.storyboard;
			sourceTree = "<group>";
		};
/* End PBXVariantGroup section */

/* Begin XCBuildConfiguration section */
		3FC2BA7227A9186700A48B7A /* Debug */ = {
			isa = XCBuildConfiguration;
			buildSettings = {
				ALWAYS_SEARCH_USER_PATHS = NO;
				CLANG_ANALYZER_NONNULL = YES;
				CLANG_ANALYZER_NUMBER_OBJECT_CONVERSION = YES_AGGRESSIVE;
				CLANG_CXX_LANGUAGE_STANDARD = "gnu++14";
				CLANG_CXX_LIBRARY = "libc++";
				CLANG_ENABLE_MODULES = YES;
				CLANG_ENABLE_OBJC_ARC = YES;
				CLANG_ENABLE_OBJC_WEAK = YES;
				CLANG_WARN_BLOCK_CAPTURE_AUTORELEASING = YES;
				CLANG_WARN_BOOL_CONVERSION = YES;
				CLANG_WARN_COMMA = YES;
				CLANG_WARN_CONSTANT_CONVERSION = YES;
				CLANG_WARN_DEPRECATED_OBJC_IMPLEMENTATIONS = YES;
				CLANG_WARN_DIRECT_OBJC_ISA_USAGE = YES_ERROR;
				CLANG_WARN_DOCUMENTATION_COMMENTS = YES;
				CLANG_WARN_EMPTY_BODY = YES;
				CLANG_WARN_ENUM_CONVERSION = YES;
				CLANG_WARN_INFINITE_RECURSION = YES;
				CLANG_WARN_INT_CONVERSION = YES;
				CLANG_WARN_NON_LITERAL_NULL_CONVERSION = YES;
				CLANG_WARN_OBJC_IMPLICIT_RETAIN_SELF = YES;
				CLANG_WARN_OBJC_LITERAL_CONVERSION = YES;
				CLANG_WARN_OBJC_ROOT_CLASS = YES_ERROR;
				CLANG_WARN_QUOTED_INCLUDE_IN_FRAMEWORK_HEADER = YES;
				CLANG_WARN_RANGE_LOOP_ANALYSIS = YES;
				CLANG_WARN_STRICT_PROTOTYPES = YES;
				CLANG_WARN_SUSPICIOUS_MOVE = YES;
				CLANG_WARN_UNGUARDED_AVAILABILITY = YES_AGGRESSIVE;
				CLANG_WARN_UNREACHABLE_CODE = YES;
				CLANG_WARN__DUPLICATE_METHOD_MATCH = YES;
				COPY_PHASE_STRIP = NO;
				DEBUG_INFORMATION_FORMAT = dwarf;
				ENABLE_STRICT_OBJC_MSGSEND = YES;
				ENABLE_TESTABILITY = YES;
				GCC_C_LANGUAGE_STANDARD = gnu11;
				GCC_DYNAMIC_NO_PIC = NO;
				GCC_NO_COMMON_BLOCKS = YES;
				GCC_OPTIMIZATION_LEVEL = 0;
				GCC_PREPROCESSOR_DEFINITIONS = (
					"DEBUG=1",
					"$(inherited)",
				);
				GCC_WARN_64_TO_32_BIT_CONVERSION = YES;
				GCC_WARN_ABOUT_RETURN_TYPE = YES_ERROR;
				GCC_WARN_UNDECLARED_SELECTOR = YES;
				GCC_WARN_UNINITIALIZED_AUTOS = YES_AGGRESSIVE;
				GCC_WARN_UNUSED_FUNCTION = YES;
				GCC_WARN_UNUSED_VARIABLE = YES;
				IPHONEOS_DEPLOYMENT_TARGET = 14.5;
				MTL_ENABLE_DEBUG_INFO = INCLUDE_SOURCE;
				MTL_FAST_MATH = YES;
				ONLY_ACTIVE_ARCH = YES;
				SDKROOT = iphoneos;
				SWIFT_ACTIVE_COMPILATION_CONDITIONS = DEBUG;
				SWIFT_OPTIMIZATION_LEVEL = "-Onone";
			};
			name = Debug;
		};
		3FC2BA7327A9186700A48B7A /* Release */ = {
			isa = XCBuildConfiguration;
			buildSettings = {
				ALWAYS_SEARCH_USER_PATHS = NO;
				CLANG_ANALYZER_NONNULL = YES;
				CLANG_ANALYZER_NUMBER_OBJECT_CONVERSION = YES_AGGRESSIVE;
				CLANG_CXX_LANGUAGE_STANDARD = "gnu++14";
				CLANG_CXX_LIBRARY = "libc++";
				CLANG_ENABLE_MODULES = YES;
				CLANG_ENABLE_OBJC_ARC = YES;
				CLANG_ENABLE_OBJC_WEAK = YES;
				CLANG_WARN_BLOCK_CAPTURE_AUTORELEASING = YES;
				CLANG_WARN_BOOL_CONVERSION = YES;
				CLANG_WARN_COMMA = YES;
				CLANG_WARN_CONSTANT_CONVERSION = YES;
				CLANG_WARN_DEPRECATED_OBJC_IMPLEMENTATIONS = YES;
				CLANG_WARN_DIRECT_OBJC_ISA_USAGE = YES_ERROR;
				CLANG_WARN_DOCUMENTATION_COMMENTS = YES;
				CLANG_WARN_EMPTY_BODY = YES;
				CLANG_WARN_ENUM_CONVERSION = YES;
				CLANG_WARN_INFINITE_RECURSION = YES;
				CLANG_WARN_INT_CONVERSION = YES;
				CLANG_WARN_NON_LITERAL_NULL_CONVERSION = YES;
				CLANG_WARN_OBJC_IMPLICIT_RETAIN_SELF = YES;
				CLANG_WARN_OBJC_LITERAL_CONVERSION = YES;
				CLANG_WARN_OBJC_ROOT_CLASS = YES_ERROR;
				CLANG_WARN_QUOTED_INCLUDE_IN_FRAMEWORK_HEADER = YES;
				CLANG_WARN_RANGE_LOOP_ANALYSIS = YES;
				CLANG_WARN_STRICT_PROTOTYPES = YES;
				CLANG_WARN_SUSPICIOUS_MOVE = YES;
				CLANG_WARN_UNGUARDED_AVAILABILITY = YES_AGGRESSIVE;
				CLANG_WARN_UNREACHABLE_CODE = YES;
				CLANG_WARN__DUPLICATE_METHOD_MATCH = YES;
				COPY_PHASE_STRIP = NO;
				DEBUG_INFORMATION_FORMAT = "dwarf-with-dsym";
				ENABLE_NS_ASSERTIONS = NO;
				ENABLE_STRICT_OBJC_MSGSEND = YES;
				GCC_C_LANGUAGE_STANDARD = gnu11;
				GCC_NO_COMMON_BLOCKS = YES;
				GCC_WARN_64_TO_32_BIT_CONVERSION = YES;
				GCC_WARN_ABOUT_RETURN_TYPE = YES_ERROR;
				GCC_WARN_UNDECLARED_SELECTOR = YES;
				GCC_WARN_UNINITIALIZED_AUTOS = YES_AGGRESSIVE;
				GCC_WARN_UNUSED_FUNCTION = YES;
				GCC_WARN_UNUSED_VARIABLE = YES;
				IPHONEOS_DEPLOYMENT_TARGET = 14.5;
				MTL_ENABLE_DEBUG_INFO = NO;
				MTL_FAST_MATH = YES;
				SDKROOT = iphoneos;
				SWIFT_COMPILATION_MODE = wholemodule;
				SWIFT_OPTIMIZATION_LEVEL = "-O";
				VALIDATE_PRODUCT = YES;
			};
			name = Release;
		};
		3FC2BA7527A9186700A48B7A /* Debug */ = {
			isa = XCBuildConfiguration;
			buildSettings = {
				ASSETCATALOG_COMPILER_APPICON_NAME = AppIcon;
				ASSETCATALOG_COMPILER_GLOBAL_ACCENT_COLOR_NAME = AccentColor;
				CODE_SIGN_STYLE = Automatic;
				DEVELOPMENT_ASSET_PATHS = "\"GridView/Preview Content\"";
				ENABLE_PREVIEWS = YES;
				INFOPLIST_FILE = GridView/Info.plist;
				LD_RUNPATH_SEARCH_PATHS = (
					"$(inherited)",
					"@executable_path/Frameworks",
				);
				PRODUCT_BUNDLE_IDENTIFIER = "---------.GridView";
				PRODUCT_NAME = "$(TARGET_NAME)";
				SWIFT_VERSION = 5.0;
				TARGETED_DEVICE_FAMILY = "1,2";
			};
			name = Debug;
		};
		3FC2BA7627A9186700A48B7A /* Release */ = {
			isa = XCBuildConfiguration;
			buildSettings = {
				ASSETCATALOG_COMPILER_APPICON_NAME = AppIcon;
				ASSETCATALOG_COMPILER_GLOBAL_ACCENT_COLOR_NAME = AccentColor;
				CODE_SIGN_STYLE = Automatic;
				DEVELOPMENT_ASSET_PATHS = "\"GridView/Preview Content\"";
				ENABLE_PREVIEWS = YES;
				INFOPLIST_FILE = GridView/Info.plist;
				LD_RUNPATH_SEARCH_PATHS = (
					"$(inherited)",
					"@executable_path/Frameworks",
				);
				PRODUCT_BUNDLE_IDENTIFIER = "---------.GridView";
				PRODUCT_NAME = "$(TARGET_NAME)";
				SWIFT_VERSION = 5.0;
				TARGETED_DEVICE_FAMILY = "1,2";
			};
			name = Release;
		};
		3FC2BA7827A9186700A48B7A /* Debug */ = {
			isa = XCBuildConfiguration;
			buildSettings = {
				ALWAYS_EMBED_SWIFT_STANDARD_LIBRARIES = YES;
				BUNDLE_LOADER = "$(TEST_HOST)";
				CODE_SIGN_STYLE = Automatic;
				INFOPLIST_FILE = GridViewTests/Info.plist;
				IPHONEOS_DEPLOYMENT_TARGET = 14.5;
				LD_RUNPATH_SEARCH_PATHS = (
					"$(inherited)",
					"@executable_path/Frameworks",
					"@loader_path/Frameworks",
				);
				PRODUCT_BUNDLE_IDENTIFIER = "---------.GridViewTests";
				PRODUCT_NAME = "$(TARGET_NAME)";
				SWIFT_VERSION = 5.0;
				TARGETED_DEVICE_FAMILY = "1,2";
				TEST_HOST = "$(BUILT_PRODUCTS_DIR)/GridView.app/GridView";
			};
			name = Debug;
		};
		3FC2BA7927A9186700A48B7A /* Release */ = {
			isa = XCBuildConfiguration;
			buildSettings = {
				ALWAYS_EMBED_SWIFT_STANDARD_LIBRARIES = YES;
				BUNDLE_LOADER = "$(TEST_HOST)";
				CODE_SIGN_STYLE = Automatic;
				INFOPLIST_FILE = GridViewTests/Info.plist;
				IPHONEOS_DEPLOYMENT_TARGET = 14.5;
				LD_RUNPATH_SEARCH_PATHS = (
					"$(inherited)",
					"@executable_path/Frameworks",
					"@loader_path/Frameworks",
				);
				PRODUCT_BUNDLE_IDENTIFIER = "---------.GridViewTests";
				PRODUCT_NAME = "$(TARGET_NAME)";
				SWIFT_VERSION = 5.0;
				TARGETED_DEVICE_FAMILY = "1,2";
				TEST_HOST = "$(BUILT_PRODUCTS_DIR)/GridView.app/GridView";
			};
			name = Release;
		};
		3FC2BA7B27A9186700A48B7A /* Debug */ = {
			isa = XCBuildConfiguration;
			buildSettings = {
				ALWAYS_EMBED_SWIFT_STANDARD_LIBRARIES = YES;
				CODE_SIGN_STYLE = Automatic;
				INFOPLIST_FILE = GridViewUITests/Info.plist;
				LD_RUNPATH_SEARCH_PATHS = (
					"$(inherited)",
					"@executable_path/Frameworks",
					"@loader_path/Frameworks",
				);
				PRODUCT_BUNDLE_IDENTIFIER = "---------.GridViewUITests";
				PRODUCT_NAME = "$(TARGET_NAME)";
				SWIFT_VERSION = 5.0;
				TARGETED_DEVICE_FAMILY = "1,2";
				TEST_TARGET_NAME = GridView;
			};
			name = Debug;
		};
		3FC2BA7C27A9186700A48B7A /* Release */ = {
			isa = XCBuildConfiguration;
			buildSettings = {
				ALWAYS_EMBED_SWIFT_STANDARD_LIBRARIES = YES;
				CODE_SIGN_STYLE = Automatic;
				INFOPLIST_FILE = GridViewUITests/Info.plist;
				LD_RUNPATH_SEARCH_PATHS = (
					"$(inherited)",
					"@executable_path/Frameworks",
					"@loader_path/Frameworks",
				);
				PRODUCT_BUNDLE_IDENTIFIER = "---------.GridViewUITests";
				PRODUCT_NAME = "$(TARGET_NAME)";
				SWIFT_VERSION = 5.0;
				TARGETED_DEVICE_FAMILY = "1,2";
				TEST_TARGET_NAME = GridView;
			};
			name = Release;
		};
/* End XCBuildConfiguration section */

/* Begin XCConfigurationList section */
		3FC2BA4527A9186500A48B7A /* Build configuration list for PBXProject "GridView" */ = {
			isa = XCConfigurationList;
			buildConfigurations = (
				3FC2BA7227A9186700A48B7A /* Debug */,
				3FC2BA7327A9186700A48B7A /* Release */,
			);
			defaultConfigurationIsVisible = 0;
			defaultConfigurationName = Release;
		};
		3FC2BA7427A9186700A48B7A /* Build configuration list for PBXNativeTarget "GridView" */ = {
			isa = XCConfigurationList;
			buildConfigurations = (
				3FC2BA7527A9186700A48B7A /* Debug */,
				3FC2BA7627A9186700A48B7A /* Release */,
			);
			defaultConfigurationIsVisible = 0;
			defaultConfigurationName = Release;
		};
		3FC2BA7727A9186700A48B7A /* Build configuration list for PBXNativeTarget "GridViewTests" */ = {
			isa = XCConfigurationList;
			buildConfigurations = (
				3FC2BA7827A9186700A48B7A /* Debug */,
				3FC2BA7927A9186700A48B7A /* Release */,
			);
			defaultConfigurationIsVisible = 0;
			defaultConfigurationName = Release;
		};
		3FC2BA7A27A9186700A48B7A /* Build configuration list for PBXNativeTarget "GridViewUITests" */ = {
			isa = XCConfigurationList;
			buildConfigurations = (
				3FC2BA7B27A9186700A48B7A /* Debug */,
				3FC2BA7C27A9186700A48B7A /* Release */,
			);
			defaultConfigurationIsVisible = 0;
			defaultConfigurationName = Release;
		};
/* End XCConfigurationList section */
	};
	rootObject = 3FC2BA4227A9186500A48B7A /* Project object */;
}
