// !$*UTF8*$!
{
	archiveVersion = 1;
	classes = {
	};
	objectVersion = 55;
	objects = {

/* Begin PBXBuildFile section */
		3FAA813F2801782500240A1F /* FireBaseDBApp.swift in Sources */ = {isa = PBXBuildFile; fileRef = 3FAA813E2801782500240A1F /* FireBaseDBApp.swift */; };
		3FAA81412801782500240A1F /* ContentView.swift in Sources */ = {isa = PBXBuildFile; fileRef = 3FAA81402801782500240A1F /* ContentView.swift */; };
		3FAA81432801782600240A1F /* Assets.xcassets in Resources */ = {isa = PBXBuildFile; fileRef = 3FAA81422801782600240A1F /* Assets.xcassets */; };
		3FAA81462801782600240A1F /* Preview Assets.xcassets in Resources */ = {isa = PBXBuildFile; fileRef = 3FAA81452801782600240A1F /* Preview Assets.xcassets */; };
		3FAA81502801782600240A1F /* FireBaseDBTests.swift in Sources */ = {isa = PBXBuildFile; fileRef = 3FAA814F2801782600240A1F /* FireBaseDBTests.swift */; };
		3FAA815A2801782600240A1F /* FireBaseDBUITests.swift in Sources */ = {isa = PBXBuildFile; fileRef = 3FAA81592801782600240A1F /* FireBaseDBUITests.swift */; };
		3FAA815C2801782600240A1F /* FireBaseDBUITestsLaunchTests.swift in Sources */ = {isa = PBXBuildFile; fileRef = 3FAA815B2801782600240A1F /* FireBaseDBUITestsLaunchTests.swift */; };
/* End PBXBuildFile section */

/* Begin PBXContainerItemProxy section */
		3FAA814C2801782600240A1F /* PBXContainerItemProxy */ = {
			isa = PBXContainerItemProxy;
			containerPortal = 3FAA81332801782500240A1F /* Project object */;
			proxyType = 1;
			remoteGlobalIDString = 3FAA813A2801782500240A1F;
			remoteInfo = FireBaseDB;
		};
		3FAA81562801782600240A1F /* PBXContainerItemProxy */ = {
			isa = PBXContainerItemProxy;
			containerPortal = 3FAA81332801782500240A1F /* Project object */;
			proxyType = 1;
			remoteGlobalIDString = 3FAA813A2801782500240A1F;
			remoteInfo = FireBaseDB;
		};
/* End PBXContainerItemProxy section */

/* Begin PBXFileReference section */
		3FAA813B2801782500240A1F /* FireBaseDB.app */ = {isa = PBXFileReference; explicitFileType = wrapper.application; includeInIndex = 0; path = FireBaseDB.app; sourceTree = BUILT_PRODUCTS_DIR; };
		3FAA813E2801782500240A1F /* FireBaseDBApp.swift */ = {isa = PBXFileReference; lastKnownFileType = sourcecode.swift; path = FireBaseDBApp.swift; sourceTree = "<group>"; };
		3FAA81402801782500240A1F /* ContentView.swift */ = {isa = PBXFileReference; lastKnownFileType = sourcecode.swift; path = ContentView.swift; sourceTree = "<group>"; };
		3FAA81422801782600240A1F /* Assets.xcassets */ = {isa = PBXFileReference; lastKnownFileType = folder.assetcatalog; path = Assets.xcassets; sourceTree = "<group>"; };
		3FAA81452801782600240A1F /* Preview Assets.xcassets */ = {isa = PBXFileReference; lastKnownFileType = folder.assetcatalog; path = "Preview Assets.xcassets"; sourceTree = "<group>"; };
		3FAA814B2801782600240A1F /* FireBaseDBTests.xctest */ = {isa = PBXFileReference; explicitFileType = wrapper.cfbundle; includeInIndex = 0; path = FireBaseDBTests.xctest; sourceTree = BUILT_PRODUCTS_DIR; };
		3FAA814F2801782600240A1F /* FireBaseDBTests.swift */ = {isa = PBXFileReference; lastKnownFileType = sourcecode.swift; path = FireBaseDBTests.swift; sourceTree = "<group>"; };
		3FAA81552801782600240A1F /* FireBaseDBUITests.xctest */ = {isa = PBXFileReference; explicitFileType = wrapper.cfbundle; includeInIndex = 0; path = FireBaseDBUITests.xctest; sourceTree = BUILT_PRODUCTS_DIR; };
		3FAA81592801782600240A1F /* FireBaseDBUITests.swift */ = {isa = PBXFileReference; lastKnownFileType = sourcecode.swift; path = FireBaseDBUITests.swift; sourceTree = "<group>"; };
		3FAA815B2801782600240A1F /* FireBaseDBUITestsLaunchTests.swift */ = {isa = PBXFileReference; lastKnownFileType = sourcecode.swift; path = FireBaseDBUITestsLaunchTests.swift; sourceTree = "<group>"; };
/* End PBXFileReference section */

/* Begin PBXFrameworksBuildPhase section */
		3FAA81382801782500240A1F /* Frameworks */ = {
			isa = PBXFrameworksBuildPhase;
			buildActionMask = 2147483647;
			files = (
			);
			runOnlyForDeploymentPostprocessing = 0;
		};
		3FAA81482801782600240A1F /* Frameworks */ = {
			isa = PBXFrameworksBuildPhase;
			buildActionMask = 2147483647;
			files = (
			);
			runOnlyForDeploymentPostprocessing = 0;
		};
		3FAA81522801782600240A1F /* Frameworks */ = {
			isa = PBXFrameworksBuildPhase;
			buildActionMask = 2147483647;
			files = (
			);
			runOnlyForDeploymentPostprocessing = 0;
		};
/* End PBXFrameworksBuildPhase section */

/* Begin PBXGroup section */
		3FAA81322801782500240A1F = {
			isa = PBXGroup;
			children = (
				3FAA813D2801782500240A1F /* FireBaseDB */,
				3FAA814E2801782600240A1F /* FireBaseDBTests */,
				3FAA81582801782600240A1F /* FireBaseDBUITests */,
				3FAA813C2801782500240A1F /* Products */,
			);
			sourceTree = "<group>";
		};
		3FAA813C2801782500240A1F /* Products */ = {
			isa = PBXGroup;
			children = (
				3FAA813B2801782500240A1F /* FireBaseDB.app */,
				3FAA814B2801782600240A1F /* FireBaseDBTests.xctest */,
				3FAA81552801782600240A1F /* FireBaseDBUITests.xctest */,
			);
			name = Products;
			sourceTree = "<group>";
		};
		3FAA813D2801782500240A1F /* FireBaseDB */ = {
			isa = PBXGroup;
			children = (
				3FAA813E2801782500240A1F /* FireBaseDBApp.swift */,
				3FAA81402801782500240A1F /* ContentView.swift */,
				3FAA81422801782600240A1F /* Assets.xcassets */,
				3FAA81442801782600240A1F /* Preview Content */,
			);
			path = FireBaseDB;
			sourceTree = "<group>";
		};
		3FAA81442801782600240A1F /* Preview Content */ = {
			isa = PBXGroup;
			children = (
				3FAA81452801782600240A1F /* Preview Assets.xcassets */,
			);
			path = "Preview Content";
			sourceTree = "<group>";
		};
		3FAA814E2801782600240A1F /* FireBaseDBTests */ = {
			isa = PBXGroup;
			children = (
				3FAA814F2801782600240A1F /* FireBaseDBTests.swift */,
			);
			path = FireBaseDBTests;
			sourceTree = "<group>";
		};
		3FAA81582801782600240A1F /* FireBaseDBUITests */ = {
			isa = PBXGroup;
			children = (
				3FAA81592801782600240A1F /* FireBaseDBUITests.swift */,
				3FAA815B2801782600240A1F /* FireBaseDBUITestsLaunchTests.swift */,
			);
			path = FireBaseDBUITests;
			sourceTree = "<group>";
		};
/* End PBXGroup section */

/* Begin PBXNativeTarget section */
		3FAA813A2801782500240A1F /* FireBaseDB */ = {
			isa = PBXNativeTarget;
			buildConfigurationList = 3FAA815F2801782600240A1F /* Build configuration list for PBXNativeTarget "FireBaseDB" */;
			buildPhases = (
				3FAA81372801782500240A1F /* Sources */,
				3FAA81382801782500240A1F /* Frameworks */,
				3FAA81392801782500240A1F /* Resources */,
			);
			buildRules = (
			);
			dependencies = (
			);
			name = FireBaseDB;
			productName = FireBaseDB;
			productReference = 3FAA813B2801782500240A1F /* FireBaseDB.app */;
			productType = "com.apple.product-type.application";
		};
		3FAA814A2801782600240A1F /* FireBaseDBTests */ = {
			isa = PBXNativeTarget;
			buildConfigurationList = 3FAA81622801782600240A1F /* Build configuration list for PBXNativeTarget "FireBaseDBTests" */;
			buildPhases = (
				3FAA81472801782600240A1F /* Sources */,
				3FAA81482801782600240A1F /* Frameworks */,
				3FAA81492801782600240A1F /* Resources */,
			);
			buildRules = (
			);
			dependencies = (
				3FAA814D2801782600240A1F /* PBXTargetDependency */,
			);
			name = FireBaseDBTests;
			productName = FireBaseDBTests;
			productReference = 3FAA814B2801782600240A1F /* FireBaseDBTests.xctest */;
			productType = "com.apple.product-type.bundle.unit-test";
		};
		3FAA81542801782600240A1F /* FireBaseDBUITests */ = {
			isa = PBXNativeTarget;
			buildConfigurationList = 3FAA81652801782600240A1F /* Build configuration list for PBXNativeTarget "FireBaseDBUITests" */;
			buildPhases = (
				3FAA81512801782600240A1F /* Sources */,
				3FAA81522801782600240A1F /* Frameworks */,
				3FAA81532801782600240A1F /* Resources */,
			);
			buildRules = (
			);
			dependencies = (
				3FAA81572801782600240A1F /* PBXTargetDependency */,
			);
			name = FireBaseDBUITests;
			productName = FireBaseDBUITests;
			productReference = 3FAA81552801782600240A1F /* FireBaseDBUITests.xctest */;
			productType = "com.apple.product-type.bundle.ui-testing";
		};
/* End PBXNativeTarget section */

/* Begin PBXProject section */
		3FAA81332801782500240A1F /* Project object */ = {
			isa = PBXProject;
			attributes = {
				BuildIndependentTargetsInParallel = 1;
				LastSwiftUpdateCheck = 1330;
				LastUpgradeCheck = 1330;
				TargetAttributes = {
					3FAA813A2801782500240A1F = {
						CreatedOnToolsVersion = 13.3;
					};
					3FAA814A2801782600240A1F = {
						CreatedOnToolsVersion = 13.3;
						TestTargetID = 3FAA813A2801782500240A1F;
					};
					3FAA81542801782600240A1F = {
						CreatedOnToolsVersion = 13.3;
						TestTargetID = 3FAA813A2801782500240A1F;
					};
				};
			};
			buildConfigurationList = 3FAA81362801782500240A1F /* Build configuration list for PBXProject "FireBaseDB" */;
			compatibilityVersion = "Xcode 13.0";
			developmentRegion = en;
			hasScannedForEncodings = 0;
			knownRegions = (
				en,
				Base,
			);
			mainGroup = 3FAA81322801782500240A1F;
			productRefGroup = 3FAA813C2801782500240A1F /* Products */;
			projectDirPath = "";
			projectRoot = "";
			targets = (
				3FAA813A2801782500240A1F /* FireBaseDB */,
				3FAA814A2801782600240A1F /* FireBaseDBTests */,
				3FAA81542801782600240A1F /* FireBaseDBUITests */,
			);
		};
/* End PBXProject section */

/* Begin PBXResourcesBuildPhase section */
		3FAA81392801782500240A1F /* Resources */ = {
			isa = PBXResourcesBuildPhase;
			buildActionMask = 2147483647;
			files = (
				3FAA81462801782600240A1F /* Preview Assets.xcassets in Resources */,
				3FAA81432801782600240A1F /* Assets.xcassets in Resources */,
			);
			runOnlyForDeploymentPostprocessing = 0;
		};
		3FAA81492801782600240A1F /* Resources */ = {
			isa = PBXResourcesBuildPhase;
			buildActionMask = 2147483647;
			files = (
			);
			runOnlyForDeploymentPostprocessing = 0;
		};
		3FAA81532801782600240A1F /* Resources */ = {
			isa = PBXResourcesBuildPhase;
			buildActionMask = 2147483647;
			files = (
			);
			runOnlyForDeploymentPostprocessing = 0;
		};
/* End PBXResourcesBuildPhase section */

/* Begin PBXSourcesBuildPhase section */
		3FAA81372801782500240A1F /* Sources */ = {
			isa = PBXSourcesBuildPhase;
			buildActionMask = 2147483647;
			files = (
				3FAA81412801782500240A1F /* ContentView.swift in Sources */,
				3FAA813F2801782500240A1F /* FireBaseDBApp.swift in Sources */,
			);
			runOnlyForDeploymentPostprocessing = 0;
		};
		3FAA81472801782600240A1F /* Sources */ = {
			isa = PBXSourcesBuildPhase;
			buildActionMask = 2147483647;
			files = (
				3FAA81502801782600240A1F /* FireBaseDBTests.swift in Sources */,
			);
			runOnlyForDeploymentPostprocessing = 0;
		};
		3FAA81512801782600240A1F /* Sources */ = {
			isa = PBXSourcesBuildPhase;
			buildActionMask = 2147483647;
			files = (
				3FAA815A2801782600240A1F /* FireBaseDBUITests.swift in Sources */,
				3FAA815C2801782600240A1F /* FireBaseDBUITestsLaunchTests.swift in Sources */,
			);
			runOnlyForDeploymentPostprocessing = 0;
		};
/* End PBXSourcesBuildPhase section */

/* Begin PBXTargetDependency section */
		3FAA814D2801782600240A1F /* PBXTargetDependency */ = {
			isa = PBXTargetDependency;
			target = 3FAA813A2801782500240A1F /* FireBaseDB */;
			targetProxy = 3FAA814C2801782600240A1F /* PBXContainerItemProxy */;
		};
		3FAA81572801782600240A1F /* PBXTargetDependency */ = {
			isa = PBXTargetDependency;
			target = 3FAA813A2801782500240A1F /* FireBaseDB */;
			targetProxy = 3FAA81562801782600240A1F /* PBXContainerItemProxy */;
		};
/* End PBXTargetDependency section */

/* Begin XCBuildConfiguration section */
		3FAA815D2801782600240A1F /* Debug */ = {
			isa = XCBuildConfiguration;
			buildSettings = {
				ALWAYS_SEARCH_USER_PATHS = NO;
				CLANG_ANALYZER_NONNULL = YES;
				CLANG_ANALYZER_NUMBER_OBJECT_CONVERSION = YES_AGGRESSIVE;
				CLANG_CXX_LANGUAGE_STANDARD = "gnu++17";
				CLANG_ENABLE_MODULES = YES;
				CLANG_ENABLE_OBJC_ARC = YES;
				CLANG_ENABLE_OBJC_WEAK = YES;
				CLANG_WARN_BLOCK_CAPTURE_AUTORELEASING = YES;
				CLANG_WARN_BOOL_CONVERSION = YES;
				CLANG_WARN_COMMA = YES;
				CLANG_WARN_CONSTANT_CONVERSION = YES;
				CLANG_WARN_DEPRECATED_OBJC_IMPLEMENTATIONS = YES;
				CLANG_WARN_DIRECT_OBJC_ISA_USAGE = YES_ERROR;
				CLANG_WARN_DOCUMENTATION_COMMENTS = YES;
				CLANG_WARN_EMPTY_BODY = YES;
				CLANG_WARN_ENUM_CONVERSION = YES;
				CLANG_WARN_INFINITE_RECURSION = YES;
				CLANG_WARN_INT_CONVERSION = YES;
				CLANG_WARN_NON_LITERAL_NULL_CONVERSION = YES;
				CLANG_WARN_OBJC_IMPLICIT_RETAIN_SELF = YES;
				CLANG_WARN_OBJC_LITERAL_CONVERSION = YES;
				CLANG_WARN_OBJC_ROOT_CLASS = YES_ERROR;
				CLANG_WARN_QUOTED_INCLUDE_IN_FRAMEWORK_HEADER = YES;
				CLANG_WARN_RANGE_LOOP_ANALYSIS = YES;
				CLANG_WARN_STRICT_PROTOTYPES = YES;
				CLANG_WARN_SUSPICIOUS_MOVE = YES;
				CLANG_WARN_UNGUARDED_AVAILABILITY = YES_AGGRESSIVE;
				CLANG_WARN_UNREACHABLE_CODE = YES;
				CLANG_WARN__DUPLICATE_METHOD_MATCH = YES;
				COPY_PHASE_STRIP = NO;
				DEBUG_INFORMATION_FORMAT = dwarf;
				ENABLE_STRICT_OBJC_MSGSEND = YES;
				ENABLE_TESTABILITY = YES;
				GCC_C_LANGUAGE_STANDARD = gnu11;
				GCC_DYNAMIC_NO_PIC = NO;
				GCC_NO_COMMON_BLOCKS = YES;
				GCC_OPTIMIZATION_LEVEL = 0;
				GCC_PREPROCESSOR_DEFINITIONS = (
					"DEBUG=1",
					"$(inherited)",
				);
				GCC_WARN_64_TO_32_BIT_CONVERSION = YES;
				GCC_WARN_ABOUT_RETURN_TYPE = YES_ERROR;
				GCC_WARN_UNDECLARED_SELECTOR = YES;
				GCC_WARN_UNINITIALIZED_AUTOS = YES_AGGRESSIVE;
				GCC_WARN_UNUSED_FUNCTION = YES;
				GCC_WARN_UNUSED_VARIABLE = YES;
				IPHONEOS_DEPLOYMENT_TARGET = 15.4;
				MTL_ENABLE_DEBUG_INFO = INCLUDE_SOURCE;
				MTL_FAST_MATH = YES;
				ONLY_ACTIVE_ARCH = YES;
				SDKROOT = iphoneos;
				SWIFT_ACTIVE_COMPILATION_CONDITIONS = DEBUG;
				SWIFT_OPTIMIZATION_LEVEL = "-Onone";
			};
			name = Debug;
		};
		3FAA815E2801782600240A1F /* Release */ = {
			isa = XCBuildConfiguration;
			buildSettings = {
				ALWAYS_SEARCH_USER_PATHS = NO;
				CLANG_ANALYZER_NONNULL = YES;
				CLANG_ANALYZER_NUMBER_OBJECT_CONVERSION = YES_AGGRESSIVE;
				CLANG_CXX_LANGUAGE_STANDARD = "gnu++17";
				CLANG_ENABLE_MODULES = YES;
				CLANG_ENABLE_OBJC_ARC = YES;
				CLANG_ENABLE_OBJC_WEAK = YES;
				CLANG_WARN_BLOCK_CAPTURE_AUTORELEASING = YES;
				CLANG_WARN_BOOL_CONVERSION = YES;
				CLANG_WARN_COMMA = YES;
				CLANG_WARN_CONSTANT_CONVERSION = YES;
				CLANG_WARN_DEPRECATED_OBJC_IMPLEMENTATIONS = YES;
				CLANG_WARN_DIRECT_OBJC_ISA_USAGE = YES_ERROR;
				CLANG_WARN_DOCUMENTATION_COMMENTS = YES;
				CLANG_WARN_EMPTY_BODY = YES;
				CLANG_WARN_ENUM_CONVERSION = YES;
				CLANG_WARN_INFINITE_RECURSION = YES;
				CLANG_WARN_INT_CONVERSION = YES;
				CLANG_WARN_NON_LITERAL_NULL_CONVERSION = YES;
				CLANG_WARN_OBJC_IMPLICIT_RETAIN_SELF = YES;
				CLANG_WARN_OBJC_LITERAL_CONVERSION = YES;
				CLANG_WARN_OBJC_ROOT_CLASS = YES_ERROR;
				CLANG_WARN_QUOTED_INCLUDE_IN_FRAMEWORK_HEADER = YES;
				CLANG_WARN_RANGE_LOOP_ANALYSIS = YES;
				CLANG_WARN_STRICT_PROTOTYPES = YES;
				CLANG_WARN_SUSPICIOUS_MOVE = YES;
				CLANG_WARN_UNGUARDED_AVAILABILITY = YES_AGGRESSIVE;
				CLANG_WARN_UNREACHABLE_CODE = YES;
				CLANG_WARN__DUPLICATE_METHOD_MATCH = YES;
				COPY_PHASE_STRIP = NO;
				DEBUG_INFORMATION_FORMAT = "dwarf-with-dsym";
				ENABLE_NS_ASSERTIONS = NO;
				ENABLE_STRICT_OBJC_MSGSEND = YES;
				GCC_C_LANGUAGE_STANDARD = gnu11;
				GCC_NO_COMMON_BLOCKS = YES;
				GCC_WARN_64_TO_32_BIT_CONVERSION = YES;
				GCC_WARN_ABOUT_RETURN_TYPE = YES_ERROR;
				GCC_WARN_UNDECLARED_SELECTOR = YES;
				GCC_WARN_UNINITIALIZED_AUTOS = YES_AGGRESSIVE;
				GCC_WARN_UNUSED_FUNCTION = YES;
				GCC_WARN_UNUSED_VARIABLE = YES;
				IPHONEOS_DEPLOYMENT_TARGET = 15.4;
				MTL_ENABLE_DEBUG_INFO = NO;
				MTL_FAST_MATH = YES;
				SDKROOT = iphoneos;
				SWIFT_COMPILATION_MODE = wholemodule;
				SWIFT_OPTIMIZATION_LEVEL = "-O";
				VALIDATE_PRODUCT = YES;
			};
			name = Release;
		};
		3FAA81602801782600240A1F /* Debug */ = {
			isa = XCBuildConfiguration;
			buildSettings = {
				ASSETCATALOG_COMPILER_APPICON_NAME = AppIcon;
				ASSETCATALOG_COMPILER_GLOBAL_ACCENT_COLOR_NAME = AccentColor;
				CODE_SIGN_STYLE = Automatic;
				CURRENT_PROJECT_VERSION = 1;
				DEVELOPMENT_ASSET_PATHS = "\"FireBaseDB/Preview Content\"";
				ENABLE_PREVIEWS = YES;
				GENERATE_INFOPLIST_FILE = YES;
				INFOPLIST_KEY_UIApplicationSceneManifest_Generation = YES;
				INFOPLIST_KEY_UIApplicationSupportsIndirectInputEvents = YES;
				INFOPLIST_KEY_UILaunchScreen_Generation = YES;
				INFOPLIST_KEY_UISupportedInterfaceOrientations_iPad = "UIInterfaceOrientationPortrait UIInterfaceOrientationPortraitUpsideDown UIInterfaceOrientationLandscapeLeft UIInterfaceOrientationLandscapeRight";
				INFOPLIST_KEY_UISupportedInterfaceOrientations_iPhone = "UIInterfaceOrientationPortrait UIInterfaceOrientationLandscapeLeft UIInterfaceOrientationLandscapeRight";
				LD_RUNPATH_SEARCH_PATHS = (
					"$(inherited)",
					"@executable_path/Frameworks",
				);
				MARKETING_VERSION = 1.0;
				PRODUCT_BUNDLE_IDENTIFIER = "---------.FireBaseDB";
				PRODUCT_NAME = "$(TARGET_NAME)";
				SWIFT_EMIT_LOC_STRINGS = YES;
				SWIFT_VERSION = 5.0;
				TARGETED_DEVICE_FAMILY = "1,2";
			};
			name = Debug;
		};
		3FAA81612801782600240A1F /* Release */ = {
			isa = XCBuildConfiguration;
			buildSettings = {
				ASSETCATALOG_COMPILER_APPICON_NAME = AppIcon;
				ASSETCATALOG_COMPILER_GLOBAL_ACCENT_COLOR_NAME = AccentColor;
				CODE_SIGN_STYLE = Automatic;
				CURRENT_PROJECT_VERSION = 1;
				DEVELOPMENT_ASSET_PATHS = "\"FireBaseDB/Preview Content\"";
				ENABLE_PREVIEWS = YES;
				GENERATE_INFOPLIST_FILE = YES;
				INFOPLIST_KEY_UIApplicationSceneManifest_Generation = YES;
				INFOPLIST_KEY_UIApplicationSupportsIndirectInputEvents = YES;
				INFOPLIST_KEY_UILaunchScreen_Generation = YES;
				INFOPLIST_KEY_UISupportedInterfaceOrientations_iPad = "UIInterfaceOrientationPortrait UIInterfaceOrientationPortraitUpsideDown UIInterfaceOrientationLandscapeLeft UIInterfaceOrientationLandscapeRight";
				INFOPLIST_KEY_UISupportedInterfaceOrientations_iPhone = "UIInterfaceOrientationPortrait UIInterfaceOrientationLandscapeLeft UIInterfaceOrientationLandscapeRight";
				LD_RUNPATH_SEARCH_PATHS = (
					"$(inherited)",
					"@executable_path/Frameworks",
				);
				MARKETING_VERSION = 1.0;
				PRODUCT_BUNDLE_IDENTIFIER = "---------.FireBaseDB";
				PRODUCT_NAME = "$(TARGET_NAME)";
				SWIFT_EMIT_LOC_STRINGS = YES;
				SWIFT_VERSION = 5.0;
				TARGETED_DEVICE_FAMILY = "1,2";
			};
			name = Release;
		};
		3FAA81632801782600240A1F /* Debug */ = {
			isa = XCBuildConfiguration;
			buildSettings = {
				ALWAYS_EMBED_SWIFT_STANDARD_LIBRARIES = YES;
				BUNDLE_LOADER = "$(TEST_HOST)";
				CODE_SIGN_STYLE = Automatic;
				CURRENT_PROJECT_VERSION = 1;
				GENERATE_INFOPLIST_FILE = YES;
				IPHONEOS_DEPLOYMENT_TARGET = 15.4;
				MARKETING_VERSION = 1.0;
				PRODUCT_BUNDLE_IDENTIFIER = "---------.FireBaseDBTests";
				PRODUCT_NAME = "$(TARGET_NAME)";
				SWIFT_EMIT_LOC_STRINGS = NO;
				SWIFT_VERSION = 5.0;
				TARGETED_DEVICE_FAMILY = "1,2";
				TEST_HOST = "$(BUILT_PRODUCTS_DIR)/FireBaseDB.app/FireBaseDB";
			};
			name = Debug;
		};
		3FAA81642801782600240A1F /* Release */ = {
			isa = XCBuildConfiguration;
			buildSettings = {
				ALWAYS_EMBED_SWIFT_STANDARD_LIBRARIES = YES;
				BUNDLE_LOADER = "$(TEST_HOST)";
				CODE_SIGN_STYLE = Automatic;
				CURRENT_PROJECT_VERSION = 1;
				GENERATE_INFOPLIST_FILE = YES;
				IPHONEOS_DEPLOYMENT_TARGET = 15.4;
				MARKETING_VERSION = 1.0;
				PRODUCT_BUNDLE_IDENTIFIER = "---------.FireBaseDBTests";
				PRODUCT_NAME = "$(TARGET_NAME)";
				SWIFT_EMIT_LOC_STRINGS = NO;
				SWIFT_VERSION = 5.0;
				TARGETED_DEVICE_FAMILY = "1,2";
				TEST_HOST = "$(BUILT_PRODUCTS_DIR)/FireBaseDB.app/FireBaseDB";
			};
			name = Release;
		};
		3FAA81662801782600240A1F /* Debug */ = {
			isa = XCBuildConfiguration;
			buildSettings = {
				ALWAYS_EMBED_SWIFT_STANDARD_LIBRARIES = YES;
				CODE_SIGN_STYLE = Automatic;
				CURRENT_PROJECT_VERSION = 1;
				GENERATE_INFOPLIST_FILE = YES;
				MARKETING_VERSION = 1.0;
				PRODUCT_BUNDLE_IDENTIFIER = "---------.FireBaseDBUITests";
				PRODUCT_NAME = "$(TARGET_NAME)";
				SWIFT_EMIT_LOC_STRINGS = NO;
				SWIFT_VERSION = 5.0;
				TARGETED_DEVICE_FAMILY = "1,2";
				TEST_TARGET_NAME = FireBaseDB;
			};
			name = Debug;
		};
		3FAA81672801782600240A1F /* Release */ = {
			isa = XCBuildConfiguration;
			buildSettings = {
				ALWAYS_EMBED_SWIFT_STANDARD_LIBRARIES = YES;
				CODE_SIGN_STYLE = Automatic;
				CURRENT_PROJECT_VERSION = 1;
				GENERATE_INFOPLIST_FILE = YES;
				MARKETING_VERSION = 1.0;
				PRODUCT_BUNDLE_IDENTIFIER = "---------.FireBaseDBUITests";
				PRODUCT_NAME = "$(TARGET_NAME)";
				SWIFT_EMIT_LOC_STRINGS = NO;
				SWIFT_VERSION = 5.0;
				TARGETED_DEVICE_FAMILY = "1,2";
				TEST_TARGET_NAME = FireBaseDB;
			};
			name = Release;
		};
/* End XCBuildConfiguration section */

/* Begin XCConfigurationList section */
		3FAA81362801782500240A1F /* Build configuration list for PBXProject "FireBaseDB" */ = {
			isa = XCConfigurationList;
			buildConfigurations = (
				3FAA815D2801782600240A1F /* Debug */,
				3FAA815E2801782600240A1F /* Release */,
			);
			defaultConfigurationIsVisible = 0;
			defaultConfigurationName = Release;
		};
		3FAA815F2801782600240A1F /* Build configuration list for PBXNativeTarget "FireBaseDB" */ = {
			isa = XCConfigurationList;
			buildConfigurations = (
				3FAA81602801782600240A1F /* Debug */,
				3FAA81612801782600240A1F /* Release */,
			);
			defaultConfigurationIsVisible = 0;
			defaultConfigurationName = Release;
		};
		3FAA81622801782600240A1F /* Build configuration list for PBXNativeTarget "FireBaseDBTests" */ = {
			isa = XCConfigurationList;
			buildConfigurations = (
				3FAA81632801782600240A1F /* Debug */,
				3FAA81642801782600240A1F /* Release */,
			);
			defaultConfigurationIsVisible = 0;
			defaultConfigurationName = Release;
		};
		3FAA81652801782600240A1F /* Build configuration list for PBXNativeTarget "FireBaseDBUITests" */ = {
			isa = XCConfigurationList;
			buildConfigurations = (
				3FAA81662801782600240A1F /* Debug */,
				3FAA81672801782600240A1F /* Release */,
			);
			defaultConfigurationIsVisible = 0;
			defaultConfigurationName = Release;
		};
/* End XCConfigurationList section */
	};
	rootObject = 3FAA81332801782500240A1F /* Project object */;
}
